// !$*UTF8*$!
{
	archiveVersion = 1;
	classes = {
	};
	objectVersion = 46;
	objects = {

/* Begin PBXBuildFile section */
		807AB51A1C5A65C7008C4A04 /* png.c in Sources */ = {isa = PBXBuildFile; fileRef = 807AB49E1C5A655C008C4A04 /* png.c */; };
		807AB51B1C5A65D0008C4A04 /* pngerror.c in Sources */ = {isa = PBXBuildFile; fileRef = 807AB4A41C5A655C008C4A04 /* pngerror.c */; };
		807AB51C1C5A65D6008C4A04 /* pngget.c in Sources */ = {isa = PBXBuildFile; fileRef = 807AB4A51C5A655C008C4A04 /* pngget.c */; };
		807AB51D1C5A65DD008C4A04 /* pngmem.c in Sources */ = {isa = PBXBuildFile; fileRef = 807AB4A71C5A655C008C4A04 /* pngmem.c */; };
		807AB51E1C5A65E4008C4A04 /* pngpread.c in Sources */ = {isa = PBXBuildFile; fileRef = 807AB4A91C5A655C008C4A04 /* pngpread.c */; };
		807AB51F1C5A65E9008C4A04 /* pngrio.c in Sources */ = {isa = PBXBuildFile; fileRef = 807AB4AC1C5A655C008C4A04 /* pngrio.c */; };
		807AB5201C5A65F0008C4A04 /* pngread.c in Sources */ = {isa = PBXBuildFile; fileRef = 807AB4AB1C5A655C008C4A04 /* pngread.c */; };
		807AB5211C5A65FC008C4A04 /* pngrtran.c in Sources */ = {isa = PBXBuildFile; fileRef = 807AB4AD1C5A655C008C4A04 /* pngrtran.c */; };
		807AB5221C5A6603008C4A04 /* pngrutil.c in Sources */ = {isa = PBXBuildFile; fileRef = 807AB4AE1C5A655C008C4A04 /* pngrutil.c */; };
		807AB5231C5A6609008C4A04 /* pngset.c in Sources */ = {isa = PBXBuildFile; fileRef = 807AB4AF1C5A655C008C4A04 /* pngset.c */; };
		807AB5241C5A6621008C4A04 /* pngtrans.c in Sources */ = {isa = PBXBuildFile; fileRef = 807AB4B31C5A655C008C4A04 /* pngtrans.c */; };
		807AB5251C5A664E008C4A04 /* pngwio.c in Sources */ = {isa = PBXBuildFile; fileRef = 807AB4B51C5A655C008C4A04 /* pngwio.c */; };
		807AB5261C5A6651008C4A04 /* pngwrite.c in Sources */ = {isa = PBXBuildFile; fileRef = 807AB4B61C5A655C008C4A04 /* pngwrite.c */; };
		807AB5271C5A6654008C4A04 /* pngwtran.c in Sources */ = {isa = PBXBuildFile; fileRef = 807AB4B71C5A655C008C4A04 /* pngwtran.c */; };
		807AB5281C5A6656008C4A04 /* pngwutil.c in Sources */ = {isa = PBXBuildFile; fileRef = 807AB4B81C5A655C008C4A04 /* pngwutil.c */; };
/* End PBXBuildFile section */

/* Begin PBXFileReference section */
		807AB3AF1C5A64C0008C4A04 /* libLibrary_libpng.a */ = {isa = PBXFileReference; explicitFileType = archive.ar; includeInIndex = 0; path = libLibrary_libpng.a; sourceTree = BUILT_PRODUCTS_DIR; };
		807AB4041C5A6531008C4A04 /* png.h */ = {isa = PBXFileReference; fileEncoding = 4; lastKnownFileType = sourcecode.c.h; path = png.h; sourceTree = "<group>"; };
		807AB4051C5A6531008C4A04 /* pngconf.h */ = {isa = PBXFileReference; fileEncoding = 4; lastKnownFileType = sourcecode.c.h; path = pngconf.h; sourceTree = "<group>"; };
		807AB4061C5A6531008C4A04 /* pngdebug.h */ = {isa = PBXFileReference; fileEncoding = 4; lastKnownFileType = sourcecode.c.h; path = pngdebug.h; sourceTree = "<group>"; };
		807AB4071C5A6531008C4A04 /* pnginfo.h */ = {isa = PBXFileReference; fileEncoding = 4; lastKnownFileType = sourcecode.c.h; path = pnginfo.h; sourceTree = "<group>"; };
		807AB4081C5A6531008C4A04 /* pnglibconf.h */ = {isa = PBXFileReference; fileEncoding = 4; lastKnownFileType = sourcecode.c.h; path = pnglibconf.h; sourceTree = "<group>"; };
		807AB4091C5A6531008C4A04 /* pngpriv.h */ = {isa = PBXFileReference; fileEncoding = 4; lastKnownFileType = sourcecode.c.h; path = pngpriv.h; sourceTree = "<group>"; };
		807AB40A1C5A6531008C4A04 /* pngstruct.h */ = {isa = PBXFileReference; fileEncoding = 4; lastKnownFileType = sourcecode.c.h; path = pngstruct.h; sourceTree = "<group>"; };
		807AB4131C5A6531008C4A04 /* Library_libpng.xcodeproj */ = {isa = PBXFileReference; lastKnownFileType = "wrapper.pb-project"; path = Library_libpng.xcodeproj; sourceTree = "<group>"; };
		807AB41F1C5A655C008C4A04 /* aclocal.m4 */ = {isa = PBXFileReference; lastKnownFileType = text; path = aclocal.m4; sourceTree = "<group>"; };
		807AB4201C5A655C008C4A04 /* ANNOUNCE */ = {isa = PBXFileReference; lastKnownFileType = text; path = ANNOUNCE; sourceTree = "<group>"; };
		807AB4221C5A655C008C4A04 /* filter_neon.S */ = {isa = PBXFileReference; lastKnownFileType = sourcecode.asm; path = filter_neon.S; sourceTree = "<group>"; };
		807AB4231C5A655C008C4A04 /* autogen.sh */ = {isa = PBXFileReference; lastKnownFileType = text.script.sh; path = autogen.sh; sourceTree = "<group>"; };
		807AB4241C5A655C008C4A04 /* CHANGES */ = {isa = PBXFileReference; lastKnownFileType = text; path = CHANGES; sourceTree = "<group>"; };
		807AB4251C5A655C008C4A04 /* CMakeLists.txt */ = {isa = PBXFileReference; lastKnownFileType = text; path = CMakeLists.txt; sourceTree = "<group>"; };
		807AB4261C5A655C008C4A04 /* config.guess */ = {isa = PBXFileReference; lastKnownFileType = text.script.sh; path = config.guess; sourceTree = "<group>"; };
		807AB4271C5A655C008C4A04 /* config.h.in */ = {isa = PBXFileReference; lastKnownFileType = text; path = config.h.in; sourceTree = "<group>"; };
		807AB4281C5A655C008C4A04 /* config.sub */ = {isa = PBXFileReference; lastKnownFileType = text.script.sh; path = config.sub; sourceTree = "<group>"; };
		807AB4291C5A655C008C4A04 /* configure */ = {isa = PBXFileReference; lastKnownFileType = text.script.sh; path = configure; sourceTree = "<group>"; };
		807AB42A1C5A655C008C4A04 /* configure.ac */ = {isa = PBXFileReference; lastKnownFileType = text; path = configure.ac; sourceTree = "<group>"; };
		807AB42D1C5A655C008C4A04 /* COPYING */ = {isa = PBXFileReference; lastKnownFileType = text; path = COPYING; sourceTree = "<group>"; };
		807AB42E1C5A655C008C4A04 /* LICENSE */ = {isa = PBXFileReference; lastKnownFileType = text; path = LICENSE; sourceTree = "<group>"; };
		807AB42F1C5A655C008C4A04 /* Makefile.mingw32 */ = {isa = PBXFileReference; lastKnownFileType = text; path = Makefile.mingw32; sourceTree = "<group>"; };
		807AB4301C5A655C008C4A04 /* Makefile.sgi */ = {isa = PBXFileReference; lastKnownFileType = text; path = Makefile.sgi; sourceTree = "<group>"; };
		807AB4311C5A655C008C4A04 /* Makefile.unx */ = {isa = PBXFileReference; lastKnownFileType = text; path = Makefile.unx; sourceTree = "<group>"; };
		807AB4321C5A655C008C4A04 /* Makefile.w32 */ = {isa = PBXFileReference; lastKnownFileType = text; path = Makefile.w32; sourceTree = "<group>"; };
		807AB4331C5A655C008C4A04 /* makevms.com */ = {isa = PBXFileReference; lastKnownFileType = text; path = makevms.com; sourceTree = "<group>"; };
		807AB4341C5A655C008C4A04 /* README */ = {isa = PBXFileReference; lastKnownFileType = text; path = README; sourceTree = "<group>"; };
		807AB4351C5A655C008C4A04 /* readpng.c */ = {isa = PBXFileReference; lastKnownFileType = sourcecode.c.c; path = readpng.c; sourceTree = "<group>"; };
		807AB4361C5A655C008C4A04 /* readpng.h */ = {isa = PBXFileReference; lastKnownFileType = sourcecode.c.h; path = readpng.h; sourceTree = "<group>"; };
		807AB4371C5A655C008C4A04 /* readpng2.c */ = {isa = PBXFileReference; lastKnownFileType = sourcecode.c.c; path = readpng2.c; sourceTree = "<group>"; };
		807AB4381C5A655C008C4A04 /* readpng2.h */ = {isa = PBXFileReference; lastKnownFileType = sourcecode.c.h; path = readpng2.h; sourceTree = "<group>"; };
		807AB4391C5A655C008C4A04 /* readppm.c */ = {isa = PBXFileReference; lastKnownFileType = sourcecode.c.c; path = readppm.c; sourceTree = "<group>"; };
		807AB43A1C5A655C008C4A04 /* rpng-win.c */ = {isa = PBXFileReference; lastKnownFileType = sourcecode.c.c; path = "rpng-win.c"; sourceTree = "<group>"; };
		807AB43B1C5A655C008C4A04 /* rpng-x.c */ = {isa = PBXFileReference; lastKnownFileType = sourcecode.c.c; path = "rpng-x.c"; sourceTree = "<group>"; };
		807AB43C1C5A655C008C4A04 /* rpng2-win.c */ = {isa = PBXFileReference; lastKnownFileType = sourcecode.c.c; path = "rpng2-win.c"; sourceTree = "<group>"; };
		807AB43D1C5A655C008C4A04 /* rpng2-x.c */ = {isa = PBXFileReference; lastKnownFileType = sourcecode.c.c; path = "rpng2-x.c"; sourceTree = "<group>"; };
		807AB43E1C5A655C008C4A04 /* toucan.png */ = {isa = PBXFileReference; lastKnownFileType = image.png; path = toucan.png; sourceTree = "<group>"; };
		807AB43F1C5A655C008C4A04 /* wpng.c */ = {isa = PBXFileReference; lastKnownFileType = sourcecode.c.c; path = wpng.c; sourceTree = "<group>"; };
		807AB4401C5A655C008C4A04 /* writepng.c */ = {isa = PBXFileReference; lastKnownFileType = sourcecode.c.c; path = writepng.c; sourceTree = "<group>"; };
		807AB4411C5A655C008C4A04 /* writepng.h */ = {isa = PBXFileReference; lastKnownFileType = sourcecode.c.h; path = writepng.h; sourceTree = "<group>"; };
		807AB4431C5A655C008C4A04 /* pngvalid.c */ = {isa = PBXFileReference; lastKnownFileType = sourcecode.c.c; path = pngvalid.c; sourceTree = "<group>"; };
		807AB4461C5A655C008C4A04 /* makefile */ = {isa = PBXFileReference; lastKnownFileType = sourcecode.make; path = makefile; sourceTree = "<group>"; };
		807AB4471C5A655C008C4A04 /* pngusr.dfa */ = {isa = PBXFileReference; lastKnownFileType = text; path = pngusr.dfa; sourceTree = "<group>"; };
		807AB4481C5A655C008C4A04 /* pngusr.h */ = {isa = PBXFileReference; lastKnownFileType = sourcecode.c.h; path = pngusr.h; sourceTree = "<group>"; };
		807AB4491C5A655C008C4A04 /* README */ = {isa = PBXFileReference; lastKnownFileType = text; path = README; sourceTree = "<group>"; };
		807AB44B1C5A655C008C4A04 /* makefile */ = {isa = PBXFileReference; lastKnownFileType = sourcecode.make; path = makefile; sourceTree = "<group>"; };
		807AB44C1C5A655C008C4A04 /* pngusr.dfa */ = {isa = PBXFileReference; lastKnownFileType = text; path = pngusr.dfa; sourceTree = "<group>"; };
		807AB44D1C5A655C008C4A04 /* pngusr.h */ = {isa = PBXFileReference; lastKnownFileType = sourcecode.c.h; path = pngusr.h; sourceTree = "<group>"; };
		807AB44E1C5A655C008C4A04 /* README */ = {isa = PBXFileReference; lastKnownFileType = text; path = README; sourceTree = "<group>"; };
		807AB4501C5A655C008C4A04 /* makefile */ = {isa = PBXFileReference; lastKnownFileType = sourcecode.make; path = makefile; sourceTree = "<group>"; };
		807AB4511C5A655C008C4A04 /* pngusr.dfa */ = {isa = PBXFileReference; lastKnownFileType = text; path = pngusr.dfa; sourceTree = "<group>"; };
		807AB4521C5A655C008C4A04 /* pngusr.h */ = {isa = PBXFileReference; lastKnownFileType = sourcecode.c.h; path = pngusr.h; sourceTree = "<group>"; };
		807AB4531C5A655C008C4A04 /* README */ = {isa = PBXFileReference; lastKnownFileType = text; path = README; sourceTree = "<group>"; };
		807AB4541C5A655C008C4A04 /* README */ = {isa = PBXFileReference; lastKnownFileType = text; path = README; sourceTree = "<group>"; };
		807AB4561C5A655C008C4A04 /* makefile.std */ = {isa = PBXFileReference; lastKnownFileType = text; path = makefile.std; sourceTree = "<group>"; };
		807AB4571C5A655C008C4A04 /* makefile.tc3 */ = {isa = PBXFileReference; lastKnownFileType = text; path = makefile.tc3; sourceTree = "<group>"; };
		807AB4581C5A655C008C4A04 /* makevms.com */ = {isa = PBXFileReference; lastKnownFileType = text; path = makevms.com; sourceTree = "<group>"; };
		807AB4591C5A655C008C4A04 /* png2pnm.bat */ = {isa = PBXFileReference; lastKnownFileType = text; path = png2pnm.bat; sourceTree = "<group>"; };
		807AB45A1C5A655C008C4A04 /* png2pnm.c */ = {isa = PBXFileReference; lastKnownFileType = sourcecode.c.c; path = png2pnm.c; sourceTree = "<group>"; };
		807AB45B1C5A655C008C4A04 /* png2pnm.sh */ = {isa = PBXFileReference; lastKnownFileType = text.script.sh; path = png2pnm.sh; sourceTree = "<group>"; };
		807AB45C1C5A655C008C4A04 /* pngminus.bat */ = {isa = PBXFileReference; lastKnownFileType = text; path = pngminus.bat; sourceTree = "<group>"; };
		807AB45D1C5A655C008C4A04 /* pngminus.sh */ = {isa = PBXFileReference; lastKnownFileType = text.script.sh; path = pngminus.sh; sourceTree = "<group>"; };
		807AB45E1C5A655C008C4A04 /* pnm2png.bat */ = {isa = PBXFileReference; lastKnownFileType = text; path = pnm2png.bat; sourceTree = "<group>"; };
		807AB45F1C5A655C008C4A04 /* pnm2png.c */ = {isa = PBXFileReference; lastKnownFileType = sourcecode.c.c; path = pnm2png.c; sourceTree = "<group>"; };
		807AB4601C5A655C008C4A04 /* pnm2png.sh */ = {isa = PBXFileReference; lastKnownFileType = text.script.sh; path = pnm2png.sh; sourceTree = "<group>"; };
		807AB4611C5A655C008C4A04 /* README */ = {isa = PBXFileReference; lastKnownFileType = text; path = README; sourceTree = "<group>"; };
		807AB4631C5A655C008C4A04 /* basn0g01.png */ = {isa = PBXFileReference; lastKnownFileType = image.png; path = basn0g01.png; sourceTree = "<group>"; };
		807AB4641C5A655C008C4A04 /* basn0g02.png */ = {isa = PBXFileReference; lastKnownFileType = image.png; path = basn0g02.png; sourceTree = "<group>"; };
		807AB4651C5A655C008C4A04 /* basn0g04.png */ = {isa = PBXFileReference; lastKnownFileType = image.png; path = basn0g04.png; sourceTree = "<group>"; };
		807AB4661C5A655C008C4A04 /* basn0g08.png */ = {isa = PBXFileReference; lastKnownFileType = image.png; path = basn0g08.png; sourceTree = "<group>"; };
		807AB4671C5A655C008C4A04 /* basn0g16.png */ = {isa = PBXFileReference; lastKnownFileType = image.png; path = basn0g16.png; sourceTree = "<group>"; };
		807AB4681C5A655C008C4A04 /* basn2c08.png */ = {isa = PBXFileReference; lastKnownFileType = image.png; path = basn2c08.png; sourceTree = "<group>"; };
		807AB4691C5A655C008C4A04 /* basn2c16.png */ = {isa = PBXFileReference; lastKnownFileType = image.png; path = basn2c16.png; sourceTree = "<group>"; };
		807AB46A1C5A655C008C4A04 /* basn3p01.png */ = {isa = PBXFileReference; lastKnownFileType = image.png; path = basn3p01.png; sourceTree = "<group>"; };
		807AB46B1C5A655C008C4A04 /* basn3p02.png */ = {isa = PBXFileReference; lastKnownFileType = image.png; path = basn3p02.png; sourceTree = "<group>"; };
		807AB46C1C5A655C008C4A04 /* basn3p04.png */ = {isa = PBXFileReference; lastKnownFileType = image.png; path = basn3p04.png; sourceTree = "<group>"; };
		807AB46D1C5A655C008C4A04 /* basn3p08.png */ = {isa = PBXFileReference; lastKnownFileType = image.png; path = basn3p08.png; sourceTree = "<group>"; };
		807AB46E1C5A655C008C4A04 /* basn4a08.png */ = {isa = PBXFileReference; lastKnownFileType = image.png; path = basn4a08.png; sourceTree = "<group>"; };
		807AB46F1C5A655C008C4A04 /* basn4a16.png */ = {isa = PBXFileReference; lastKnownFileType = image.png; path = basn4a16.png; sourceTree = "<group>"; };
		807AB4701C5A655C008C4A04 /* basn6a08.png */ = {isa = PBXFileReference; lastKnownFileType = image.png; path = basn6a08.png; sourceTree = "<group>"; };
		807AB4711C5A655C008C4A04 /* basn6a16.png */ = {isa = PBXFileReference; lastKnownFileType = image.png; path = basn6a16.png; sourceTree = "<group>"; };
		807AB4721C5A655C008C4A04 /* ftbbn0g01.png */ = {isa = PBXFileReference; lastKnownFileType = image.png; path = ftbbn0g01.png; sourceTree = "<group>"; };
		807AB4731C5A655C008C4A04 /* ftbbn0g02.png */ = {isa = PBXFileReference; lastKnownFileType = image.png; path = ftbbn0g02.png; sourceTree = "<group>"; };
		807AB4741C5A655C008C4A04 /* ftbbn0g04.png */ = {isa = PBXFileReference; lastKnownFileType = image.png; path = ftbbn0g04.png; sourceTree = "<group>"; };
		807AB4751C5A655C008C4A04 /* ftbbn2c16.png */ = {isa = PBXFileReference; lastKnownFileType = image.png; path = ftbbn2c16.png; sourceTree = "<group>"; };
		807AB4761C5A655C008C4A04 /* ftbbn3p08.png */ = {isa = PBXFileReference; lastKnownFileType = image.png; path = ftbbn3p08.png; sourceTree = "<group>"; };
		807AB4771C5A655C008C4A04 /* ftbgn2c16.png */ = {isa = PBXFileReference; lastKnownFileType = image.png; path = ftbgn2c16.png; sourceTree = "<group>"; };
		807AB4781C5A655C008C4A04 /* ftbgn3p08.png */ = {isa = PBXFileReference; lastKnownFileType = image.png; path = ftbgn3p08.png; sourceTree = "<group>"; };
		807AB4791C5A655C008C4A04 /* ftbrn2c08.png */ = {isa = PBXFileReference; lastKnownFileType = image.png; path = ftbrn2c08.png; sourceTree = "<group>"; };
		807AB47A1C5A655C008C4A04 /* ftbwn0g16.png */ = {isa = PBXFileReference; lastKnownFileType = image.png; path = ftbwn0g16.png; sourceTree = "<group>"; };
		807AB47B1C5A655C008C4A04 /* ftbwn3p08.png */ = {isa = PBXFileReference; lastKnownFileType = image.png; path = ftbwn3p08.png; sourceTree = "<group>"; };
		807AB47C1C5A655C008C4A04 /* ftbyn3p08.png */ = {isa = PBXFileReference; lastKnownFileType = image.png; path = ftbyn3p08.png; sourceTree = "<group>"; };
		807AB47D1C5A655C008C4A04 /* ftp0n0g08.png */ = {isa = PBXFileReference; lastKnownFileType = image.png; path = ftp0n0g08.png; sourceTree = "<group>"; };
		807AB47E1C5A655C008C4A04 /* ftp0n2c08.png */ = {isa = PBXFileReference; lastKnownFileType = image.png; path = ftp0n2c08.png; sourceTree = "<group>"; };
		807AB47F1C5A655C008C4A04 /* ftp0n3p08.png */ = {isa = PBXFileReference; lastKnownFileType = image.png; path = ftp0n3p08.png; sourceTree = "<group>"; };
		807AB4801C5A655C008C4A04 /* ftp1n3p08.png */ = {isa = PBXFileReference; lastKnownFileType = image.png; path = ftp1n3p08.png; sourceTree = "<group>"; };
		807AB4811C5A655C008C4A04 /* README */ = {isa = PBXFileReference; lastKnownFileType = text; path = README; sourceTree = "<group>"; };
		807AB4821C5A655C008C4A04 /* README.txt */ = {isa = PBXFileReference; lastKnownFileType = text; path = README.txt; sourceTree = "<group>"; };
		807AB4841C5A655C008C4A04 /* cexcept.h */ = {isa = PBXFileReference; lastKnownFileType = sourcecode.c.h; path = cexcept.h; sourceTree = "<group>"; };
		807AB4851C5A655C008C4A04 /* PngFile.c */ = {isa = PBXFileReference; lastKnownFileType = sourcecode.c.c; path = PngFile.c; sourceTree = "<group>"; };
		807AB4861C5A655C008C4A04 /* PngFile.h */ = {isa = PBXFileReference; lastKnownFileType = sourcecode.c.h; path = PngFile.h; sourceTree = "<group>"; };
		807AB4871C5A655C008C4A04 /* README.txt */ = {isa = PBXFileReference; lastKnownFileType = text; path = README.txt; sourceTree = "<group>"; };
		807AB4881C5A655C008C4A04 /* resource.h */ = {isa = PBXFileReference; lastKnownFileType = sourcecode.c.h; path = resource.h; sourceTree = "<group>"; };
		807AB4891C5A655C008C4A04 /* VisualPng.c */ = {isa = PBXFileReference; lastKnownFileType = sourcecode.c.c; path = VisualPng.c; sourceTree = "<group>"; };
		807AB48A1C5A655C008C4A04 /* VisualPng.dsp */ = {isa = PBXFileReference; lastKnownFileType = text; path = VisualPng.dsp; sourceTree = "<group>"; };
		807AB48B1C5A655C008C4A04 /* VisualPng.dsw */ = {isa = PBXFileReference; lastKnownFileType = text; path = VisualPng.dsw; sourceTree = "<group>"; };
		807AB48C1C5A655C008C4A04 /* VisualPng.ico */ = {isa = PBXFileReference; lastKnownFileType = image.ico; path = VisualPng.ico; sourceTree = "<group>"; };
		807AB48D1C5A655C008C4A04 /* VisualPng.png */ = {isa = PBXFileReference; lastKnownFileType = image.png; path = VisualPng.png; sourceTree = "<group>"; };
		807AB48E1C5A655C008C4A04 /* VisualPng.rc */ = {isa = PBXFileReference; lastKnownFileType = text; path = VisualPng.rc; sourceTree = "<group>"; };
		807AB48F1C5A655C008C4A04 /* depcomp */ = {isa = PBXFileReference; lastKnownFileType = text.script.sh; path = depcomp; sourceTree = "<group>"; };
		807AB4901C5A655C008C4A04 /* example.c */ = {isa = PBXFileReference; lastKnownFileType = sourcecode.c.c; path = example.c; sourceTree = "<group>"; };
		807AB4911C5A655C008C4A04 /* INSTALL */ = {isa = PBXFileReference; lastKnownFileType = text; path = INSTALL; sourceTree = "<group>"; };
		807AB4921C5A655C008C4A04 /* install-sh */ = {isa = PBXFileReference; lastKnownFileType = text.script.sh; path = "install-sh"; sourceTree = "<group>"; };
		807AB4931C5A655C008C4A04 /* libpng-config.in */ = {isa = PBXFileReference; lastKnownFileType = text.script.sh; path = "libpng-config.in"; sourceTree = "<group>"; };
		807AB4941C5A655C008C4A04 /* libpng-manual.txt */ = {isa = PBXFileReference; lastKnownFileType = text; path = "libpng-manual.txt"; sourceTree = "<group>"; };
		807AB4951C5A655C008C4A04 /* libpng.3 */ = {isa = PBXFileReference; lastKnownFileType = text; path = libpng.3; sourceTree = "<group>"; };
		807AB4961C5A655C008C4A04 /* libpng.pc.in */ = {isa = PBXFileReference; lastKnownFileType = text; path = libpng.pc.in; sourceTree = "<group>"; };
		807AB4971C5A655C008C4A04 /* libpngpf.3 */ = {isa = PBXFileReference; lastKnownFileType = text; path = libpngpf.3; sourceTree = "<group>"; };
		807AB4981C5A655C008C4A04 /* LICENSE */ = {isa = PBXFileReference; lastKnownFileType = text; path = LICENSE; sourceTree = "<group>"; };
		807AB4991C5A655C008C4A04 /* ltmain.sh */ = {isa = PBXFileReference; lastKnownFileType = text.script.sh; path = ltmain.sh; sourceTree = "<group>"; };
		807AB49A1C5A655C008C4A04 /* Makefile.am */ = {isa = PBXFileReference; lastKnownFileType = text; path = Makefile.am; sourceTree = "<group>"; };
		807AB49B1C5A655C008C4A04 /* Makefile.in */ = {isa = PBXFileReference; lastKnownFileType = text; path = Makefile.in; sourceTree = "<group>"; };
		807AB49C1C5A655C008C4A04 /* missing */ = {isa = PBXFileReference; lastKnownFileType = text.script.sh; path = missing; sourceTree = "<group>"; };
		807AB49D1C5A655C008C4A04 /* png.5 */ = {isa = PBXFileReference; lastKnownFileType = text; path = png.5; sourceTree = "<group>"; };
		807AB49E1C5A655C008C4A04 /* png.c */ = {isa = PBXFileReference; lastKnownFileType = sourcecode.c.c; path = png.c; sourceTree = "<group>"; };
		807AB49F1C5A655C008C4A04 /* png.h */ = {isa = PBXFileReference; lastKnownFileType = sourcecode.c.h; path = png.h; sourceTree = "<group>"; };
		807AB4A01C5A655C008C4A04 /* pngbar.jpg */ = {isa = PBXFileReference; lastKnownFileType = image.jpeg; path = pngbar.jpg; sourceTree = "<group>"; };
		807AB4A11C5A655C008C4A04 /* pngbar.png */ = {isa = PBXFileReference; lastKnownFileType = image.png; path = pngbar.png; sourceTree = "<group>"; };
		807AB4A21C5A655C008C4A04 /* pngconf.h */ = {isa = PBXFileReference; lastKnownFileType = sourcecode.c.h; path = pngconf.h; sourceTree = "<group>"; };
		807AB4A31C5A655C008C4A04 /* pngdebug.h */ = {isa = PBXFileReference; lastKnownFileType = sourcecode.c.h; path = pngdebug.h; sourceTree = "<group>"; };
		807AB4A41C5A655C008C4A04 /* pngerror.c */ = {isa = PBXFileReference; lastKnownFileType = sourcecode.c.c; path = pngerror.c; sourceTree = "<group>"; };
		807AB4A51C5A655C008C4A04 /* pngget.c */ = {isa = PBXFileReference; lastKnownFileType = sourcecode.c.c; path = pngget.c; sourceTree = "<group>"; };
		807AB4A61C5A655C008C4A04 /* pnginfo.h */ = {isa = PBXFileReference; lastKnownFileType = sourcecode.c.h; path = pnginfo.h; sourceTree = "<group>"; };
		807AB4A71C5A655C008C4A04 /* pngmem.c */ = {isa = PBXFileReference; lastKnownFileType = sourcecode.c.c; path = pngmem.c; sourceTree = "<group>"; };
		807AB4A81C5A655C008C4A04 /* pngnow.png */ = {isa = PBXFileReference; lastKnownFileType = image.png; path = pngnow.png; sourceTree = "<group>"; };
		807AB4A91C5A655C008C4A04 /* pngpread.c */ = {isa = PBXFileReference; lastKnownFileType = sourcecode.c.c; path = pngpread.c; sourceTree = "<group>"; };
		807AB4AA1C5A655C008C4A04 /* pngpriv.h */ = {isa = PBXFileReference; lastKnownFileType = sourcecode.c.h; path = pngpriv.h; sourceTree = "<group>"; };
		807AB4AB1C5A655C008C4A04 /* pngread.c */ = {isa = PBXFileReference; lastKnownFileType = sourcecode.c.c; path = pngread.c; sourceTree = "<group>"; };
		807AB4AC1C5A655C008C4A04 /* pngrio.c */ = {isa = PBXFileReference; lastKnownFileType = sourcecode.c.c; path = pngrio.c; sourceTree = "<group>"; };
		807AB4AD1C5A655C008C4A04 /* pngrtran.c */ = {isa = PBXFileReference; lastKnownFileType = sourcecode.c.c; path = pngrtran.c; sourceTree = "<group>"; };
		807AB4AE1C5A655C008C4A04 /* pngrutil.c */ = {isa = PBXFileReference; lastKnownFileType = sourcecode.c.c; path = pngrutil.c; sourceTree = "<group>"; };
		807AB4AF1C5A655C008C4A04 /* pngset.c */ = {isa = PBXFileReference; lastKnownFileType = sourcecode.c.c; path = pngset.c; sourceTree = "<group>"; };
		807AB4B01C5A655C008C4A04 /* pngstruct.h */ = {isa = PBXFileReference; lastKnownFileType = sourcecode.c.h; path = pngstruct.h; sourceTree = "<group>"; };
		807AB4B11C5A655C008C4A04 /* pngtest.c */ = {isa = PBXFileReference; lastKnownFileType = sourcecode.c.c; path = pngtest.c; sourceTree = "<group>"; };
		807AB4B21C5A655C008C4A04 /* pngtest.png */ = {isa = PBXFileReference; lastKnownFileType = image.png; path = pngtest.png; sourceTree = "<group>"; };
		807AB4B31C5A655C008C4A04 /* pngtrans.c */ = {isa = PBXFileReference; lastKnownFileType = sourcecode.c.c; path = pngtrans.c; sourceTree = "<group>"; };
		807AB4B41C5A655C008C4A04 /* pngusr.dfa */ = {isa = PBXFileReference; lastKnownFileType = text; path = pngusr.dfa; sourceTree = "<group>"; };
		807AB4B51C5A655C008C4A04 /* pngwio.c */ = {isa = PBXFileReference; lastKnownFileType = sourcecode.c.c; path = pngwio.c; sourceTree = "<group>"; };
		807AB4B61C5A655C008C4A04 /* pngwrite.c */ = {isa = PBXFileReference; lastKnownFileType = sourcecode.c.c; path = pngwrite.c; sourceTree = "<group>"; };
		807AB4B71C5A655C008C4A04 /* pngwtran.c */ = {isa = PBXFileReference; lastKnownFileType = sourcecode.c.c; path = pngwtran.c; sourceTree = "<group>"; };
		807AB4B81C5A655C008C4A04 /* pngwutil.c */ = {isa = PBXFileReference; lastKnownFileType = sourcecode.c.c; path = pngwutil.c; sourceTree = "<group>"; };
		807AB4BB1C5A655C008C4A04 /* libpng.tgt */ = {isa = PBXFileReference; lastKnownFileType = text; path = libpng.tgt; sourceTree = "<group>"; };
		807AB4BC1C5A655C008C4A04 /* libpng.wpj */ = {isa = PBXFileReference; lastKnownFileType = text; path = libpng.wpj; sourceTree = "<group>"; };
		807AB4BD1C5A655C008C4A04 /* pngconfig.mak */ = {isa = PBXFileReference; lastKnownFileType = sourcecode.make; path = pngconfig.mak; sourceTree = "<group>"; };
		807AB4BE1C5A655C008C4A04 /* pngtest.tgt */ = {isa = PBXFileReference; lastKnownFileType = text; path = pngtest.tgt; sourceTree = "<group>"; };
		807AB4BF1C5A655C008C4A04 /* pngvalid.tgt */ = {isa = PBXFileReference; lastKnownFileType = text; path = pngvalid.tgt; sourceTree = "<group>"; };
		807AB4C11C5A655C008C4A04 /* libpng.sln */ = {isa = PBXFileReference; lastKnownFileType = text; path = libpng.sln; sourceTree = "<group>"; };
		807AB4C21C5A655C008C4A04 /* libpng.vcproj */ = {isa = PBXFileReference; lastKnownFileType = text.xml; path = libpng.vcproj; sourceTree = "<group>"; };
		807AB4C31C5A655C008C4A04 /* pngtest.vcproj */ = {isa = PBXFileReference; lastKnownFileType = text.xml; path = pngtest.vcproj; sourceTree = "<group>"; };
		807AB4C41C5A655C008C4A04 /* PRJ0041.mak */ = {isa = PBXFileReference; lastKnownFileType = sourcecode.make; path = PRJ0041.mak; sourceTree = "<group>"; };
		807AB4C51C5A655C008C4A04 /* README.txt */ = {isa = PBXFileReference; lastKnownFileType = text; path = README.txt; sourceTree = "<group>"; };
		807AB4C61C5A655C008C4A04 /* README_zlib.txt */ = {isa = PBXFileReference; lastKnownFileType = text; path = README_zlib.txt; sourceTree = "<group>"; };
		807AB4C71C5A655C008C4A04 /* zlib.vcproj */ = {isa = PBXFileReference; lastKnownFileType = text.xml; path = zlib.vcproj; sourceTree = "<group>"; };
		807AB4CA1C5A655C008C4A04 /* libpng.vcxproj */ = {isa = PBXFileReference; lastKnownFileType = text.xml; path = libpng.vcxproj; sourceTree = "<group>"; };
		807AB4CC1C5A655C008C4A04 /* pnglibconf.vcxproj */ = {isa = PBXFileReference; lastKnownFileType = text.xml; path = pnglibconf.vcxproj; sourceTree = "<group>"; };
		807AB4CE1C5A655C008C4A04 /* pngtest.vcxproj */ = {isa = PBXFileReference; lastKnownFileType = text.xml; path = pngtest.vcxproj; sourceTree = "<group>"; };
		807AB4D01C5A655C008C4A04 /* pngvalid.vcxproj */ = {isa = PBXFileReference; lastKnownFileType = text.xml; path = pngvalid.vcxproj; sourceTree = "<group>"; };
		807AB4D11C5A655C008C4A04 /* readme.txt */ = {isa = PBXFileReference; lastKnownFileType = text; path = readme.txt; sourceTree = "<group>"; };
		807AB4D21C5A655C008C4A04 /* vstudio.sln */ = {isa = PBXFileReference; lastKnownFileType = text; path = vstudio.sln; sourceTree = "<group>"; };
		807AB4D41C5A655C008C4A04 /* zlib.vcxproj */ = {isa = PBXFileReference; lastKnownFileType = text.xml; path = zlib.vcxproj; sourceTree = "<group>"; };
		807AB4D51C5A655C008C4A04 /* zlib.props */ = {isa = PBXFileReference; lastKnownFileType = text.xml; path = zlib.props; sourceTree = "<group>"; };
		807AB4D61C5A655C008C4A04 /* README */ = {isa = PBXFileReference; lastKnownFileType = text; path = README; sourceTree = "<group>"; };
		807AB4D81C5A655C008C4A04 /* checksym.awk */ = {isa = PBXFileReference; lastKnownFileType = text; path = checksym.awk; sourceTree = "<group>"; };
		807AB4D91C5A655C008C4A04 /* chkfmt */ = {isa = PBXFileReference; lastKnownFileType = text.script.sh; path = chkfmt; sourceTree = "<group>"; };
		807AB4DA1C5A655C008C4A04 /* def.dfn */ = {isa = PBXFileReference; lastKnownFileType = text; path = def.dfn; sourceTree = "<group>"; };
		807AB4DB1C5A655C008C4A04 /* descrip.mms */ = {isa = PBXFileReference; lastKnownFileType = text; path = descrip.mms; sourceTree = "<group>"; };
		807AB4DC1C5A655C008C4A04 /* libpng-config-body.in */ = {isa = PBXFileReference; lastKnownFileType = text; path = "libpng-config-body.in"; sourceTree = "<group>"; };
		807AB4DD1C5A655C008C4A04 /* libpng-config-head.in */ = {isa = PBXFileReference; lastKnownFileType = text.script.sh; path = "libpng-config-head.in"; sourceTree = "<group>"; };
		807AB4DE1C5A655C008C4A04 /* libpng.pc.in */ = {isa = PBXFileReference; lastKnownFileType = text; path = libpng.pc.in; sourceTree = "<group>"; };
		807AB4DF1C5A655C008C4A04 /* makefile.32sunu */ = {isa = PBXFileReference; lastKnownFileType = text; path = makefile.32sunu; sourceTree = "<group>"; };
		807AB4E01C5A655C008C4A04 /* makefile.64sunu */ = {isa = PBXFileReference; lastKnownFileType = text; path = makefile.64sunu; sourceTree = "<group>"; };
		807AB4E11C5A655C008C4A04 /* makefile.acorn */ = {isa = PBXFileReference; lastKnownFileType = text; path = makefile.acorn; sourceTree = "<group>"; };
		807AB4E21C5A655C008C4A04 /* makefile.aix */ = {isa = PBXFileReference; lastKnownFileType = text; path = makefile.aix; sourceTree = "<group>"; };
		807AB4E31C5A655C008C4A04 /* makefile.amiga */ = {isa = PBXFileReference; lastKnownFileType = text; path = makefile.amiga; sourceTree = "<group>"; };
		807AB4E41C5A655C008C4A04 /* makefile.atari */ = {isa = PBXFileReference; lastKnownFileType = text; path = makefile.atari; sourceTree = "<group>"; };
		807AB4E51C5A655C008C4A04 /* makefile.bc32 */ = {isa = PBXFileReference; lastKnownFileType = text; path = makefile.bc32; sourceTree = "<group>"; };
		807AB4E61C5A655C008C4A04 /* makefile.beos */ = {isa = PBXFileReference; lastKnownFileType = text; path = makefile.beos; sourceTree = "<group>"; };
		807AB4E71C5A655C008C4A04 /* makefile.bor */ = {isa = PBXFileReference; lastKnownFileType = text; path = makefile.bor; sourceTree = "<group>"; };
		807AB4E81C5A655C008C4A04 /* makefile.cegcc */ = {isa = PBXFileReference; lastKnownFileType = text; path = makefile.cegcc; sourceTree = "<group>"; };
		807AB4E91C5A655C008C4A04 /* makefile.darwin */ = {isa = PBXFileReference; lastKnownFileType = text; path = makefile.darwin; sourceTree = "<group>"; };
		807AB4EA1C5A655C008C4A04 /* makefile.dec */ = {isa = PBXFileReference; lastKnownFileType = text; path = makefile.dec; sourceTree = "<group>"; };
		807AB4EB1C5A655C008C4A04 /* makefile.dj2 */ = {isa = PBXFileReference; lastKnownFileType = text; path = makefile.dj2; sourceTree = "<group>"; };
		807AB4EC1C5A655C008C4A04 /* makefile.elf */ = {isa = PBXFileReference; lastKnownFileType = text; path = makefile.elf; sourceTree = "<group>"; };
		807AB4ED1C5A655C008C4A04 /* makefile.freebsd */ = {isa = PBXFileReference; lastKnownFileType = text; path = makefile.freebsd; sourceTree = "<group>"; };
		807AB4EE1C5A655C008C4A04 /* makefile.gcc */ = {isa = PBXFileReference; lastKnownFileType = text; path = makefile.gcc; sourceTree = "<group>"; };
		807AB4EF1C5A655C008C4A04 /* makefile.hp64 */ = {isa = PBXFileReference; lastKnownFileType = text; path = makefile.hp64; sourceTree = "<group>"; };
		807AB4F01C5A655C008C4A04 /* makefile.hpgcc */ = {isa = PBXFileReference; lastKnownFileType = text; path = makefile.hpgcc; sourceTree = "<group>"; };
		807AB4F11C5A655C008C4A04 /* makefile.hpux */ = {isa = PBXFileReference; lastKnownFileType = text; path = makefile.hpux; sourceTree = "<group>"; };
		807AB4F21C5A655C008C4A04 /* makefile.ibmc */ = {isa = PBXFileReference; lastKnownFileType = text; path = makefile.ibmc; sourceTree = "<group>"; };
		807AB4F31C5A655C008C4A04 /* makefile.intel */ = {isa = PBXFileReference; lastKnownFileType = text; path = makefile.intel; sourceTree = "<group>"; };
		807AB4F41C5A655C008C4A04 /* makefile.knr */ = {isa = PBXFileReference; lastKnownFileType = text; path = makefile.knr; sourceTree = "<group>"; };
		807AB4F51C5A655C008C4A04 /* makefile.linux */ = {isa = PBXFileReference; lastKnownFileType = text; path = makefile.linux; sourceTree = "<group>"; };
		807AB4F61C5A655C008C4A04 /* makefile.mips */ = {isa = PBXFileReference; lastKnownFileType = text; path = makefile.mips; sourceTree = "<group>"; };
		807AB4F71C5A655C008C4A04 /* makefile.msc */ = {isa = PBXFileReference; lastKnownFileType = text; path = makefile.msc; sourceTree = "<group>"; };
		807AB4F81C5A655C008C4A04 /* makefile.ne12bsd */ = {isa = PBXFileReference; lastKnownFileType = text; path = makefile.ne12bsd; sourceTree = "<group>"; };
		807AB4F91C5A655C008C4A04 /* makefile.netbsd */ = {isa = PBXFileReference; lastKnownFileType = text; path = makefile.netbsd; sourceTree = "<group>"; };
		807AB4FA1C5A655C008C4A04 /* makefile.openbsd */ = {isa = PBXFileReference; lastKnownFileType = text; path = makefile.openbsd; sourceTree = "<group>"; };
		807AB4FB1C5A655C008C4A04 /* makefile.sco */ = {isa = PBXFileReference; lastKnownFileType = text; path = makefile.sco; sourceTree = "<group>"; };
		807AB4FC1C5A655C008C4A04 /* makefile.sggcc */ = {isa = PBXFileReference; lastKnownFileType = text; path = makefile.sggcc; sourceTree = "<group>"; };
		807AB4FD1C5A655C008C4A04 /* makefile.sgi */ = {isa = PBXFileReference; lastKnownFileType = text; path = makefile.sgi; sourceTree = "<group>"; };
		807AB4FE1C5A655C008C4A04 /* makefile.so9 */ = {isa = PBXFileReference; lastKnownFileType = text; path = makefile.so9; sourceTree = "<group>"; };
		807AB4FF1C5A655C008C4A04 /* makefile.solaris */ = {isa = PBXFileReference; lastKnownFileType = text; path = makefile.solaris; sourceTree = "<group>"; };
		807AB5001C5A655C008C4A04 /* makefile.solaris-x86 */ = {isa = PBXFileReference; lastKnownFileType = text; path = "makefile.solaris-x86"; sourceTree = "<group>"; };
		807AB5011C5A655C008C4A04 /* makefile.std */ = {isa = PBXFileReference; lastKnownFileType = text; path = makefile.std; sourceTree = "<group>"; };
		807AB5021C5A655C008C4A04 /* makefile.sunos */ = {isa = PBXFileReference; lastKnownFileType = text; path = makefile.sunos; sourceTree = "<group>"; };
		807AB5031C5A655C008C4A04 /* makefile.tc3 */ = {isa = PBXFileReference; lastKnownFileType = text; path = makefile.tc3; sourceTree = "<group>"; };
		807AB5041C5A655C008C4A04 /* makefile.vcwin32 */ = {isa = PBXFileReference; lastKnownFileType = text; path = makefile.vcwin32; sourceTree = "<group>"; };
		807AB5051C5A655C008C4A04 /* makevms.com */ = {isa = PBXFileReference; lastKnownFileType = text; path = makevms.com; sourceTree = "<group>"; };
		807AB5061C5A655C008C4A04 /* options.awk */ = {isa = PBXFileReference; lastKnownFileType = text; path = options.awk; sourceTree = "<group>"; };
		807AB5071C5A655C008C4A04 /* pnglibconf.dfa */ = {isa = PBXFileReference; lastKnownFileType = text; path = pnglibconf.dfa; sourceTree = "<group>"; };
		807AB5081C5A655C008C4A04 /* pnglibconf.h.prebuilt */ = {isa = PBXFileReference; lastKnownFileType = text; path = pnglibconf.h.prebuilt; sourceTree = "<group>"; };
		807AB5091C5A655C008C4A04 /* pnglibconf.mak */ = {isa = PBXFileReference; lastKnownFileType = sourcecode.make; path = pnglibconf.mak; sourceTree = "<group>"; };
		807AB50A1C5A655C008C4A04 /* pngwin.rc */ = {isa = PBXFileReference; lastKnownFileType = text; path = pngwin.rc; sourceTree = "<group>"; };
		807AB50B1C5A655C008C4A04 /* README.txt */ = {isa = PBXFileReference; lastKnownFileType = text; path = README.txt; sourceTree = "<group>"; };
		807AB50C1C5A655C008C4A04 /* SCOPTIONS.ppc */ = {isa = PBXFileReference; lastKnownFileType = text; path = SCOPTIONS.ppc; sourceTree = "<group>"; };
		807AB50D1C5A655C008C4A04 /* smakefile.ppc */ = {isa = PBXFileReference; lastKnownFileType = text; path = smakefile.ppc; sourceTree = "<group>"; };
		807AB50E1C5A655C008C4A04 /* sym.dfn */ = {isa = PBXFileReference; lastKnownFileType = text; path = sym.dfn; sourceTree = "<group>"; };
		807AB50F1C5A655C008C4A04 /* symbols.def */ = {isa = PBXFileReference; lastKnownFileType = text; path = symbols.def; sourceTree = "<group>"; };
		807AB5101C5A655C008C4A04 /* symbols.dfn */ = {isa = PBXFileReference; lastKnownFileType = text; path = symbols.dfn; sourceTree = "<group>"; };
		807AB5111C5A655C008C4A04 /* vers.dfn */ = {isa = PBXFileReference; lastKnownFileType = text; path = vers.dfn; sourceTree = "<group>"; };
		807AB5151C5A655C008C4A04 /* test-pngtest.sh */ = {isa = PBXFileReference; lastKnownFileType = text.script.sh; path = "test-pngtest.sh"; sourceTree = "<group>"; };
		807AB5161C5A655C008C4A04 /* test-pngvalid-full.sh */ = {isa = PBXFileReference; lastKnownFileType = text.script.sh; path = "test-pngvalid-full.sh"; sourceTree = "<group>"; };
		807AB5171C5A655C008C4A04 /* test-pngvalid-simple.sh */ = {isa = PBXFileReference; lastKnownFileType = text.script.sh; path = "test-pngvalid-simple.sh"; sourceTree = "<group>"; };
		807AB5181C5A655C008C4A04 /* TODO */ = {isa = PBXFileReference; lastKnownFileType = text; path = TODO; sourceTree = "<group>"; };
/* End PBXFileReference section */

/* Begin PBXFrameworksBuildPhase section */
		807AB3AC1C5A64C0008C4A04 /* Frameworks */ = {
			isa = PBXFrameworksBuildPhase;
			buildActionMask = 2147483647;
			files = (
			);
			runOnlyForDeploymentPostprocessing = 0;
		};
/* End PBXFrameworksBuildPhase section */

/* Begin PBXGroup section */
		807AB3A61C5A64C0008C4A04 = {
			isa = PBXGroup;
			children = (
				807AB4031C5A6531008C4A04 /* include */,
				807AB40B1C5A6531008C4A04 /* lib */,
				807AB4131C5A6531008C4A04 /* Library_libpng.xcodeproj */,
				807AB41E1C5A655C008C4A04 /* src */,
				807AB3B01C5A64C0008C4A04 /* Products */,
			);
			sourceTree = "<group>";
		};
		807AB3B01C5A64C0008C4A04 /* Products */ = {
			isa = PBXGroup;
			children = (
				807AB3AF1C5A64C0008C4A04 /* libLibrary_libpng.a */,
			);
			name = Products;
			sourceTree = "<group>";
		};
		807AB4031C5A6531008C4A04 /* include */ = {
			isa = PBXGroup;
			children = (
				807AB4041C5A6531008C4A04 /* png.h */,
				807AB4051C5A6531008C4A04 /* pngconf.h */,
				807AB4061C5A6531008C4A04 /* pngdebug.h */,
				807AB4071C5A6531008C4A04 /* pnginfo.h */,
				807AB4081C5A6531008C4A04 /* pnglibconf.h */,
				807AB4091C5A6531008C4A04 /* pngpriv.h */,
				807AB40A1C5A6531008C4A04 /* pngstruct.h */,
			);
			path = include;
			sourceTree = "<group>";
		};
		807AB40B1C5A6531008C4A04 /* lib */ = {
			isa = PBXGroup;
			children = (
			);
			path = lib;
			sourceTree = "<group>";
		};
		807AB4141C5A6531008C4A04 /* Products */ = {
			isa = PBXGroup;
			name = Products;
			sourceTree = "<group>";
		};
		807AB41E1C5A655C008C4A04 /* src */ = {
			isa = PBXGroup;
			children = (
				807AB41F1C5A655C008C4A04 /* aclocal.m4 */,
				807AB4201C5A655C008C4A04 /* ANNOUNCE */,
				807AB4211C5A655C008C4A04 /* arm */,
				807AB4231C5A655C008C4A04 /* autogen.sh */,
				807AB4241C5A655C008C4A04 /* CHANGES */,
				807AB4251C5A655C008C4A04 /* CMakeLists.txt */,
				807AB4261C5A655C008C4A04 /* config.guess */,
				807AB4271C5A655C008C4A04 /* config.h.in */,
				807AB4281C5A655C008C4A04 /* config.sub */,
				807AB4291C5A655C008C4A04 /* configure */,
				807AB42A1C5A655C008C4A04 /* configure.ac */,
				807AB42B1C5A655C008C4A04 /* contrib */,
				807AB48F1C5A655C008C4A04 /* depcomp */,
				807AB4901C5A655C008C4A04 /* example.c */,
				807AB4911C5A655C008C4A04 /* INSTALL */,
				807AB4921C5A655C008C4A04 /* install-sh */,
				807AB4931C5A655C008C4A04 /* libpng-config.in */,
				807AB4941C5A655C008C4A04 /* libpng-manual.txt */,
				807AB4951C5A655C008C4A04 /* libpng.3 */,
				807AB4961C5A655C008C4A04 /* libpng.pc.in */,
				807AB4971C5A655C008C4A04 /* libpngpf.3 */,
				807AB4981C5A655C008C4A04 /* LICENSE */,
				807AB4991C5A655C008C4A04 /* ltmain.sh */,
				807AB49A1C5A655C008C4A04 /* Makefile.am */,
				807AB49B1C5A655C008C4A04 /* Makefile.in */,
				807AB49C1C5A655C008C4A04 /* missing */,
				807AB49D1C5A655C008C4A04 /* png.5 */,
				807AB49E1C5A655C008C4A04 /* png.c */,
				807AB49F1C5A655C008C4A04 /* png.h */,
				807AB4A01C5A655C008C4A04 /* pngbar.jpg */,
				807AB4A11C5A655C008C4A04 /* pngbar.png */,
				807AB4A21C5A655C008C4A04 /* pngconf.h */,
				807AB4A31C5A655C008C4A04 /* pngdebug.h */,
				807AB4A41C5A655C008C4A04 /* pngerror.c */,
				807AB4A51C5A655C008C4A04 /* pngget.c */,
				807AB4A61C5A655C008C4A04 /* pnginfo.h */,
				807AB4A71C5A655C008C4A04 /* pngmem.c */,
				807AB4A81C5A655C008C4A04 /* pngnow.png */,
				807AB4A91C5A655C008C4A04 /* pngpread.c */,
				807AB4AA1C5A655C008C4A04 /* pngpriv.h */,
				807AB4AB1C5A655C008C4A04 /* pngread.c */,
				807AB4AC1C5A655C008C4A04 /* pngrio.c */,
				807AB4AD1C5A655C008C4A04 /* pngrtran.c */,
				807AB4AE1C5A655C008C4A04 /* pngrutil.c */,
				807AB4AF1C5A655C008C4A04 /* pngset.c */,
				807AB4B01C5A655C008C4A04 /* pngstruct.h */,
				807AB4B11C5A655C008C4A04 /* pngtest.c */,
				807AB4B21C5A655C008C4A04 /* pngtest.png */,
				807AB4B31C5A655C008C4A04 /* pngtrans.c */,
				807AB4B41C5A655C008C4A04 /* pngusr.dfa */,
				807AB4B51C5A655C008C4A04 /* pngwio.c */,
				807AB4B61C5A655C008C4A04 /* pngwrite.c */,
				807AB4B71C5A655C008C4A04 /* pngwtran.c */,
				807AB4B81C5A655C008C4A04 /* pngwutil.c */,
				807AB4B91C5A655C008C4A04 /* projects */,
				807AB4D61C5A655C008C4A04 /* README */,
				807AB4D71C5A655C008C4A04 /* scripts */,
				807AB5151C5A655C008C4A04 /* test-pngtest.sh */,
				807AB5161C5A655C008C4A04 /* test-pngvalid-full.sh */,
				807AB5171C5A655C008C4A04 /* test-pngvalid-simple.sh */,
				807AB5181C5A655C008C4A04 /* TODO */,
			);
			path = src;
			sourceTree = "<group>";
		};
		807AB4211C5A655C008C4A04 /* arm */ = {
			isa = PBXGroup;
			children = (
				807AB4221C5A655C008C4A04 /* filter_neon.S */,
			);
			path = arm;
			sourceTree = "<group>";
		};
		807AB42B1C5A655C008C4A04 /* contrib */ = {
			isa = PBXGroup;
			children = (
				807AB42C1C5A655C008C4A04 /* gregbook */,
				807AB4421C5A655C008C4A04 /* libtests */,
				807AB4441C5A655C008C4A04 /* pngminim */,
				807AB4551C5A655C008C4A04 /* pngminus */,
				807AB4621C5A655C008C4A04 /* pngsuite */,
				807AB4821C5A655C008C4A04 /* README.txt */,
				807AB4831C5A655C008C4A04 /* visupng */,
			);
			path = contrib;
			sourceTree = "<group>";
		};
		807AB42C1C5A655C008C4A04 /* gregbook */ = {
			isa = PBXGroup;
			children = (
				807AB42D1C5A655C008C4A04 /* COPYING */,
				807AB42E1C5A655C008C4A04 /* LICENSE */,
				807AB42F1C5A655C008C4A04 /* Makefile.mingw32 */,
				807AB4301C5A655C008C4A04 /* Makefile.sgi */,
				807AB4311C5A655C008C4A04 /* Makefile.unx */,
				807AB4321C5A655C008C4A04 /* Makefile.w32 */,
				807AB4331C5A655C008C4A04 /* makevms.com */,
				807AB4341C5A655C008C4A04 /* README */,
				807AB4351C5A655C008C4A04 /* readpng.c */,
				807AB4361C5A655C008C4A04 /* readpng.h */,
				807AB4371C5A655C008C4A04 /* readpng2.c */,
				807AB4381C5A655C008C4A04 /* readpng2.h */,
				807AB4391C5A655C008C4A04 /* readppm.c */,
				807AB43A1C5A655C008C4A04 /* rpng-win.c */,
				807AB43B1C5A655C008C4A04 /* rpng-x.c */,
				807AB43C1C5A655C008C4A04 /* rpng2-win.c */,
				807AB43D1C5A655C008C4A04 /* rpng2-x.c */,
				807AB43E1C5A655C008C4A04 /* toucan.png */,
				807AB43F1C5A655C008C4A04 /* wpng.c */,
				807AB4401C5A655C008C4A04 /* writepng.c */,
				807AB4411C5A655C008C4A04 /* writepng.h */,
			);
			path = gregbook;
			sourceTree = "<group>";
		};
		807AB4421C5A655C008C4A04 /* libtests */ = {
			isa = PBXGroup;
			children = (
				807AB4431C5A655C008C4A04 /* pngvalid.c */,
			);
			path = libtests;
			sourceTree = "<group>";
		};
		807AB4441C5A655C008C4A04 /* pngminim */ = {
			isa = PBXGroup;
			children = (
				807AB4451C5A655C008C4A04 /* decoder */,
				807AB44A1C5A655C008C4A04 /* encoder */,
				807AB44F1C5A655C008C4A04 /* preader */,
				807AB4541C5A655C008C4A04 /* README */,
			);
			path = pngminim;
			sourceTree = "<group>";
		};
		807AB4451C5A655C008C4A04 /* decoder */ = {
			isa = PBXGroup;
			children = (
				807AB4461C5A655C008C4A04 /* makefile */,
				807AB4471C5A655C008C4A04 /* pngusr.dfa */,
				807AB4481C5A655C008C4A04 /* pngusr.h */,
				807AB4491C5A655C008C4A04 /* README */,
			);
			path = decoder;
			sourceTree = "<group>";
		};
		807AB44A1C5A655C008C4A04 /* encoder */ = {
			isa = PBXGroup;
			children = (
				807AB44B1C5A655C008C4A04 /* makefile */,
				807AB44C1C5A655C008C4A04 /* pngusr.dfa */,
				807AB44D1C5A655C008C4A04 /* pngusr.h */,
				807AB44E1C5A655C008C4A04 /* README */,
			);
			path = encoder;
			sourceTree = "<group>";
		};
		807AB44F1C5A655C008C4A04 /* preader */ = {
			isa = PBXGroup;
			children = (
				807AB4501C5A655C008C4A04 /* makefile */,
				807AB4511C5A655C008C4A04 /* pngusr.dfa */,
				807AB4521C5A655C008C4A04 /* pngusr.h */,
				807AB4531C5A655C008C4A04 /* README */,
			);
			path = preader;
			sourceTree = "<group>";
		};
		807AB4551C5A655C008C4A04 /* pngminus */ = {
			isa = PBXGroup;
			children = (
				807AB4561C5A655C008C4A04 /* makefile.std */,
				807AB4571C5A655C008C4A04 /* makefile.tc3 */,
				807AB4581C5A655C008C4A04 /* makevms.com */,
				807AB4591C5A655C008C4A04 /* png2pnm.bat */,
				807AB45A1C5A655C008C4A04 /* png2pnm.c */,
				807AB45B1C5A655C008C4A04 /* png2pnm.sh */,
				807AB45C1C5A655C008C4A04 /* pngminus.bat */,
				807AB45D1C5A655C008C4A04 /* pngminus.sh */,
				807AB45E1C5A655C008C4A04 /* pnm2png.bat */,
				807AB45F1C5A655C008C4A04 /* pnm2png.c */,
				807AB4601C5A655C008C4A04 /* pnm2png.sh */,
				807AB4611C5A655C008C4A04 /* README */,
			);
			path = pngminus;
			sourceTree = "<group>";
		};
		807AB4621C5A655C008C4A04 /* pngsuite */ = {
			isa = PBXGroup;
			children = (
				807AB4631C5A655C008C4A04 /* basn0g01.png */,
				807AB4641C5A655C008C4A04 /* basn0g02.png */,
				807AB4651C5A655C008C4A04 /* basn0g04.png */,
				807AB4661C5A655C008C4A04 /* basn0g08.png */,
				807AB4671C5A655C008C4A04 /* basn0g16.png */,
				807AB4681C5A655C008C4A04 /* basn2c08.png */,
				807AB4691C5A655C008C4A04 /* basn2c16.png */,
				807AB46A1C5A655C008C4A04 /* basn3p01.png */,
				807AB46B1C5A655C008C4A04 /* basn3p02.png */,
				807AB46C1C5A655C008C4A04 /* basn3p04.png */,
				807AB46D1C5A655C008C4A04 /* basn3p08.png */,
				807AB46E1C5A655C008C4A04 /* basn4a08.png */,
				807AB46F1C5A655C008C4A04 /* basn4a16.png */,
				807AB4701C5A655C008C4A04 /* basn6a08.png */,
				807AB4711C5A655C008C4A04 /* basn6a16.png */,
				807AB4721C5A655C008C4A04 /* ftbbn0g01.png */,
				807AB4731C5A655C008C4A04 /* ftbbn0g02.png */,
				807AB4741C5A655C008C4A04 /* ftbbn0g04.png */,
				807AB4751C5A655C008C4A04 /* ftbbn2c16.png */,
				807AB4761C5A655C008C4A04 /* ftbbn3p08.png */,
				807AB4771C5A655C008C4A04 /* ftbgn2c16.png */,
				807AB4781C5A655C008C4A04 /* ftbgn3p08.png */,
				807AB4791C5A655C008C4A04 /* ftbrn2c08.png */,
				807AB47A1C5A655C008C4A04 /* ftbwn0g16.png */,
				807AB47B1C5A655C008C4A04 /* ftbwn3p08.png */,
				807AB47C1C5A655C008C4A04 /* ftbyn3p08.png */,
				807AB47D1C5A655C008C4A04 /* ftp0n0g08.png */,
				807AB47E1C5A655C008C4A04 /* ftp0n2c08.png */,
				807AB47F1C5A655C008C4A04 /* ftp0n3p08.png */,
				807AB4801C5A655C008C4A04 /* ftp1n3p08.png */,
				807AB4811C5A655C008C4A04 /* README */,
			);
			path = pngsuite;
			sourceTree = "<group>";
		};
		807AB4831C5A655C008C4A04 /* visupng */ = {
			isa = PBXGroup;
			children = (
				807AB4841C5A655C008C4A04 /* cexcept.h */,
				807AB4851C5A655C008C4A04 /* PngFile.c */,
				807AB4861C5A655C008C4A04 /* PngFile.h */,
				807AB4871C5A655C008C4A04 /* README.txt */,
				807AB4881C5A655C008C4A04 /* resource.h */,
				807AB4891C5A655C008C4A04 /* VisualPng.c */,
				807AB48A1C5A655C008C4A04 /* VisualPng.dsp */,
				807AB48B1C5A655C008C4A04 /* VisualPng.dsw */,
				807AB48C1C5A655C008C4A04 /* VisualPng.ico */,
				807AB48D1C5A655C008C4A04 /* VisualPng.png */,
				807AB48E1C5A655C008C4A04 /* VisualPng.rc */,
			);
			path = visupng;
			sourceTree = "<group>";
		};
		807AB4B91C5A655C008C4A04 /* projects */ = {
			isa = PBXGroup;
			children = (
				807AB4BA1C5A655C008C4A04 /* owatcom */,
				807AB4C01C5A655C008C4A04 /* visualc71 */,
				807AB4C81C5A655C008C4A04 /* vstudio */,
			);
			path = projects;
			sourceTree = "<group>";
		};
		807AB4BA1C5A655C008C4A04 /* owatcom */ = {
			isa = PBXGroup;
			children = (
				807AB4BB1C5A655C008C4A04 /* libpng.tgt */,
				807AB4BC1C5A655C008C4A04 /* libpng.wpj */,
				807AB4BD1C5A655C008C4A04 /* pngconfig.mak */,
				807AB4BE1C5A655C008C4A04 /* pngtest.tgt */,
				807AB4BF1C5A655C008C4A04 /* pngvalid.tgt */,
			);
			path = owatcom;
			sourceTree = "<group>";
		};
		807AB4C01C5A655C008C4A04 /* visualc71 */ = {
			isa = PBXGroup;
			children = (
				807AB4C11C5A655C008C4A04 /* libpng.sln */,
				807AB4C21C5A655C008C4A04 /* libpng.vcproj */,
				807AB4C31C5A655C008C4A04 /* pngtest.vcproj */,
				807AB4C41C5A655C008C4A04 /* PRJ0041.mak */,
				807AB4C51C5A655C008C4A04 /* README.txt */,
				807AB4C61C5A655C008C4A04 /* README_zlib.txt */,
				807AB4C71C5A655C008C4A04 /* zlib.vcproj */,
			);
			path = visualc71;
			sourceTree = "<group>";
		};
		807AB4C81C5A655C008C4A04 /* vstudio */ = {
			isa = PBXGroup;
			children = (
				807AB4C91C5A655C008C4A04 /* libpng */,
				807AB4CB1C5A655C008C4A04 /* pnglibconf */,
				807AB4CD1C5A655C008C4A04 /* pngtest */,
				807AB4CF1C5A655C008C4A04 /* pngvalid */,
				807AB4D11C5A655C008C4A04 /* readme.txt */,
				807AB4D21C5A655C008C4A04 /* vstudio.sln */,
				807AB4D31C5A655C008C4A04 /* zlib */,
				807AB4D51C5A655C008C4A04 /* zlib.props */,
			);
			path = vstudio;
			sourceTree = "<group>";
		};
		807AB4C91C5A655C008C4A04 /* libpng */ = {
			isa = PBXGroup;
			children = (
				807AB4CA1C5A655C008C4A04 /* libpng.vcxproj */,
			);
			path = libpng;
			sourceTree = "<group>";
		};
		807AB4CB1C5A655C008C4A04 /* pnglibconf */ = {
			isa = PBXGroup;
			children = (
				807AB4CC1C5A655C008C4A04 /* pnglibconf.vcxproj */,
			);
			path = pnglibconf;
			sourceTree = "<group>";
		};
		807AB4CD1C5A655C008C4A04 /* pngtest */ = {
			isa = PBXGroup;
			children = (
				807AB4CE1C5A655C008C4A04 /* pngtest.vcxproj */,
			);
			path = pngtest;
			sourceTree = "<group>";
		};
		807AB4CF1C5A655C008C4A04 /* pngvalid */ = {
			isa = PBXGroup;
			children = (
				807AB4D01C5A655C008C4A04 /* pngvalid.vcxproj */,
			);
			path = pngvalid;
			sourceTree = "<group>";
		};
		807AB4D31C5A655C008C4A04 /* zlib */ = {
			isa = PBXGroup;
			children = (
				807AB4D41C5A655C008C4A04 /* zlib.vcxproj */,
			);
			path = zlib;
			sourceTree = "<group>";
		};
		807AB4D71C5A655C008C4A04 /* scripts */ = {
			isa = PBXGroup;
			children = (
				807AB4D81C5A655C008C4A04 /* checksym.awk */,
				807AB4D91C5A655C008C4A04 /* chkfmt */,
				807AB4DA1C5A655C008C4A04 /* def.dfn */,
				807AB4DB1C5A655C008C4A04 /* descrip.mms */,
				807AB4DC1C5A655C008C4A04 /* libpng-config-body.in */,
				807AB4DD1C5A655C008C4A04 /* libpng-config-head.in */,
				807AB4DE1C5A655C008C4A04 /* libpng.pc.in */,
				807AB4DF1C5A655C008C4A04 /* makefile.32sunu */,
				807AB4E01C5A655C008C4A04 /* makefile.64sunu */,
				807AB4E11C5A655C008C4A04 /* makefile.acorn */,
				807AB4E21C5A655C008C4A04 /* makefile.aix */,
				807AB4E31C5A655C008C4A04 /* makefile.amiga */,
				807AB4E41C5A655C008C4A04 /* makefile.atari */,
				807AB4E51C5A655C008C4A04 /* makefile.bc32 */,
				807AB4E61C5A655C008C4A04 /* makefile.beos */,
				807AB4E71C5A655C008C4A04 /* makefile.bor */,
				807AB4E81C5A655C008C4A04 /* makefile.cegcc */,
				807AB4E91C5A655C008C4A04 /* makefile.darwin */,
				807AB4EA1C5A655C008C4A04 /* makefile.dec */,
				807AB4EB1C5A655C008C4A04 /* makefile.dj2 */,
				807AB4EC1C5A655C008C4A04 /* makefile.elf */,
				807AB4ED1C5A655C008C4A04 /* makefile.freebsd */,
				807AB4EE1C5A655C008C4A04 /* makefile.gcc */,
				807AB4EF1C5A655C008C4A04 /* makefile.hp64 */,
				807AB4F01C5A655C008C4A04 /* makefile.hpgcc */,
				807AB4F11C5A655C008C4A04 /* makefile.hpux */,
				807AB4F21C5A655C008C4A04 /* makefile.ibmc */,
				807AB4F31C5A655C008C4A04 /* makefile.intel */,
				807AB4F41C5A655C008C4A04 /* makefile.knr */,
				807AB4F51C5A655C008C4A04 /* makefile.linux */,
				807AB4F61C5A655C008C4A04 /* makefile.mips */,
				807AB4F71C5A655C008C4A04 /* makefile.msc */,
				807AB4F81C5A655C008C4A04 /* makefile.ne12bsd */,
				807AB4F91C5A655C008C4A04 /* makefile.netbsd */,
				807AB4FA1C5A655C008C4A04 /* makefile.openbsd */,
				807AB4FB1C5A655C008C4A04 /* makefile.sco */,
				807AB4FC1C5A655C008C4A04 /* makefile.sggcc */,
				807AB4FD1C5A655C008C4A04 /* makefile.sgi */,
				807AB4FE1C5A655C008C4A04 /* makefile.so9 */,
				807AB4FF1C5A655C008C4A04 /* makefile.solaris */,
				807AB5001C5A655C008C4A04 /* makefile.solaris-x86 */,
				807AB5011C5A655C008C4A04 /* makefile.std */,
				807AB5021C5A655C008C4A04 /* makefile.sunos */,
				807AB5031C5A655C008C4A04 /* makefile.tc3 */,
				807AB5041C5A655C008C4A04 /* makefile.vcwin32 */,
				807AB5051C5A655C008C4A04 /* makevms.com */,
				807AB5061C5A655C008C4A04 /* options.awk */,
				807AB5071C5A655C008C4A04 /* pnglibconf.dfa */,
				807AB5081C5A655C008C4A04 /* pnglibconf.h.prebuilt */,
				807AB5091C5A655C008C4A04 /* pnglibconf.mak */,
				807AB50A1C5A655C008C4A04 /* pngwin.rc */,
				807AB50B1C5A655C008C4A04 /* README.txt */,
				807AB50C1C5A655C008C4A04 /* SCOPTIONS.ppc */,
				807AB50D1C5A655C008C4A04 /* smakefile.ppc */,
				807AB50E1C5A655C008C4A04 /* sym.dfn */,
				807AB50F1C5A655C008C4A04 /* symbols.def */,
				807AB5101C5A655C008C4A04 /* symbols.dfn */,
				807AB5111C5A655C008C4A04 /* vers.dfn */,
			);
			path = scripts;
			sourceTree = "<group>";
		};
/* End PBXGroup section */

/* Begin PBXNativeTarget section */
		807AB3AE1C5A64C0008C4A04 /* Library_libpng */ = {
			isa = PBXNativeTarget;
			buildConfigurationList = 807AB3B81C5A64C0008C4A04 /* Build configuration list for PBXNativeTarget "Library_libpng" */;
			buildPhases = (
				807AB3AB1C5A64C0008C4A04 /* Sources */,
				807AB3AC1C5A64C0008C4A04 /* Frameworks */,
			);
			buildRules = (
			);
			dependencies = (
			);
			name = Library_libpng;
			productName = Library_libpng;
			productReference = 807AB3AF1C5A64C0008C4A04 /* libLibrary_libpng.a */;
			productType = "com.apple.product-type.library.static";
		};
/* End PBXNativeTarget section */

/* Begin PBXProject section */
		807AB3A71C5A64C0008C4A04 /* Project object */ = {
			isa = PBXProject;
			attributes = {
				LastUpgradeCheck = 0720;
				ORGANIZATIONNAME = "";
				TargetAttributes = {
					807AB3AE1C5A64C0008C4A04 = {
						CreatedOnToolsVersion = 7.2;
						DevelopmentTeam = ER7BUZVGH2;
					};
				};
			};
			buildConfigurationList = 807AB3AA1C5A64C0008C4A04 /* Build configuration list for PBXProject "Library_libpng" */;
			compatibilityVersion = "Xcode 3.2";
			developmentRegion = English;
			hasScannedForEncodings = 0;
			knownRegions = (
				English,
				en,
			);
			mainGroup = 807AB3A61C5A64C0008C4A04;
			productRefGroup = 807AB3B01C5A64C0008C4A04 /* Products */;
			projectDirPath = "";
			projectReferences = (
				{
					ProductGroup = 807AB4141C5A6531008C4A04 /* Products */;
					ProjectRef = 807AB4131C5A6531008C4A04 /* Library_libpng.xcodeproj */;
				},
			);
			projectRoot = "";
			targets = (
				807AB3AE1C5A64C0008C4A04 /* Library_libpng */,
			);
		};
/* End PBXProject section */

/* Begin PBXSourcesBuildPhase section */
		807AB3AB1C5A64C0008C4A04 /* Sources */ = {
			isa = PBXSourcesBuildPhase;
			buildActionMask = 2147483647;
			files = (
				807AB5281C5A6656008C4A04 /* pngwutil.c in Sources */,
				807AB5271C5A6654008C4A04 /* pngwtran.c in Sources */,
				807AB5261C5A6651008C4A04 /* pngwrite.c in Sources */,
				807AB5251C5A664E008C4A04 /* pngwio.c in Sources */,
				807AB5241C5A6621008C4A04 /* pngtrans.c in Sources */,
				807AB5231C5A6609008C4A04 /* pngset.c in Sources */,
				807AB5221C5A6603008C4A04 /* pngrutil.c in Sources */,
				807AB5211C5A65FC008C4A04 /* pngrtran.c in Sources */,
				807AB5201C5A65F0008C4A04 /* pngread.c in Sources */,
				807AB51F1C5A65E9008C4A04 /* pngrio.c in Sources */,
				807AB51E1C5A65E4008C4A04 /* pngpread.c in Sources */,
				807AB51D1C5A65DD008C4A04 /* pngmem.c in Sources */,
				807AB51C1C5A65D6008C4A04 /* pngget.c in Sources */,
				807AB51B1C5A65D0008C4A04 /* pngerror.c in Sources */,
				807AB51A1C5A65C7008C4A04 /* png.c in Sources */,
			);
			runOnlyForDeploymentPostprocessing = 0;
		};
/* End PBXSourcesBuildPhase section */

/* Begin XCBuildConfiguration section */
		807AB3B61C5A64C0008C4A04 /* Debug */ = {
			isa = XCBuildConfiguration;
			buildSettings = {
				ALWAYS_SEARCH_USER_PATHS = NO;
				CLANG_CXX_LANGUAGE_STANDARD = "gnu++0x";
				CLANG_CXX_LIBRARY = "libc++";
				CLANG_ENABLE_MODULES = YES;
				CLANG_ENABLE_OBJC_ARC = YES;
				CLANG_WARN_BOOL_CONVERSION = YES;
				CLANG_WARN_CONSTANT_CONVERSION = YES;
				CLANG_WARN_DIRECT_OBJC_ISA_USAGE = YES_ERROR;
				CLANG_WARN_EMPTY_BODY = YES;
				CLANG_WARN_ENUM_CONVERSION = YES;
				CLANG_WARN_INT_CONVERSION = YES;
				CLANG_WARN_OBJC_ROOT_CLASS = YES_ERROR;
				CLANG_WARN_UNREACHABLE_CODE = YES;
				CLANG_WARN__DUPLICATE_METHOD_MATCH = YES;
				"CODE_SIGN_IDENTITY[sdk=iphoneos*]" = "iPhone Developer";
				COPY_PHASE_STRIP = NO;
				DEBUG_INFORMATION_FORMAT = dwarf;
				ENABLE_STRICT_OBJC_MSGSEND = YES;
				ENABLE_TESTABILITY = YES;
				GCC_C_LANGUAGE_STANDARD = gnu99;
				GCC_DYNAMIC_NO_PIC = NO;
				GCC_NO_COMMON_BLOCKS = YES;
				GCC_OPTIMIZATION_LEVEL = 0;
				GCC_PREPROCESSOR_DEFINITIONS = (
					"DEBUG=1",
					"$(inherited)",
				);
				GCC_WARN_64_TO_32_BIT_CONVERSION = YES;
				GCC_WARN_ABOUT_RETURN_TYPE = YES_ERROR;
				GCC_WARN_UNDECLARED_SELECTOR = YES;
				GCC_WARN_UNINITIALIZED_AUTOS = YES_AGGRESSIVE;
				GCC_WARN_UNUSED_FUNCTION = YES;
				GCC_WARN_UNUSED_VARIABLE = YES;
				IPHONEOS_DEPLOYMENT_TARGET = 9.2;
				MTL_ENABLE_DEBUG_INFO = YES;
				ONLY_ACTIVE_ARCH = YES;
				SDKROOT = iphoneos;
			};
			name = Debug;
		};
		807AB3B71C5A64C0008C4A04 /* Release */ = {
			isa = XCBuildConfiguration;
			buildSettings = {
				ALWAYS_SEARCH_USER_PATHS = NO;
				CLANG_CXX_LANGUAGE_STANDARD = "gnu++0x";
				CLANG_CXX_LIBRARY = "libc++";
				CLANG_ENABLE_MODULES = YES;
				CLANG_ENABLE_OBJC_ARC = YES;
				CLANG_WARN_BOOL_CONVERSION = YES;
				CLANG_WARN_CONSTANT_CONVERSION = YES;
				CLANG_WARN_DIRECT_OBJC_ISA_USAGE = YES_ERROR;
				CLANG_WARN_EMPTY_BODY = YES;
				CLANG_WARN_ENUM_CONVERSION = YES;
				CLANG_WARN_INT_CONVERSION = YES;
				CLANG_WARN_OBJC_ROOT_CLASS = YES_ERROR;
				CLANG_WARN_UNREACHABLE_CODE = YES;
				CLANG_WARN__DUPLICATE_METHOD_MATCH = YES;
				"CODE_SIGN_IDENTITY[sdk=iphoneos*]" = "iPhone Developer";
				COPY_PHASE_STRIP = NO;
				DEBUG_INFORMATION_FORMAT = "dwarf-with-dsym";
				ENABLE_NS_ASSERTIONS = NO;
				ENABLE_STRICT_OBJC_MSGSEND = YES;
				GCC_C_LANGUAGE_STANDARD = gnu99;
				GCC_NO_COMMON_BLOCKS = YES;
				GCC_WARN_64_TO_32_BIT_CONVERSION = YES;
				GCC_WARN_ABOUT_RETURN_TYPE = YES_ERROR;
				GCC_WARN_UNDECLARED_SELECTOR = YES;
				GCC_WARN_UNINITIALIZED_AUTOS = YES_AGGRESSIVE;
				GCC_WARN_UNUSED_FUNCTION = YES;
				GCC_WARN_UNUSED_VARIABLE = YES;
				IPHONEOS_DEPLOYMENT_TARGET = 9.2;
				MTL_ENABLE_DEBUG_INFO = NO;
				SDKROOT = iphoneos;
				VALIDATE_PRODUCT = YES;
			};
			name = Release;
		};
		807AB3B91C5A64C0008C4A04 /* Debug */ = {
			isa = XCBuildConfiguration;
			buildSettings = {
				ALWAYS_SEARCH_USER_PATHS = YES;
				LIBRARY_SEARCH_PATHS = (
					"$(inherited)",
					"$(PROJECT_DIR)/lib",
				);
				OTHER_CFLAGS = "-DPNG_ARM_NEON_OPT=0";
				OTHER_LDFLAGS = "-ObjC";
				PRODUCT_NAME = "$(TARGET_NAME)";
				SKIP_INSTALL = YES;
				USER_HEADER_SEARCH_PATHS = "$(SRCROOT)/include/ $(SRCROOT)/src";
				VALID_ARCHS = arm64;
			};
			name = Debug;
		};
		807AB3BA1C5A64C0008C4A04 /* Release */ = {
			isa = XCBuildConfiguration;
			buildSettings = {
				ALWAYS_SEARCH_USER_PATHS = YES;
				GCC_OPTIMIZATION_LEVEL = 3;
				LIBRARY_SEARCH_PATHS = (
					"$(inherited)",
					"$(PROJECT_DIR)/lib",
				);
				OTHER_CFLAGS = "-DPNG_ARM_NEON_OPT=0";
				OTHER_LDFLAGS = "-ObjC";
				PRODUCT_NAME = "$(TARGET_NAME)";
				SKIP_INSTALL = YES;
				USER_HEADER_SEARCH_PATHS = "$(SRCROOT)/include/ $(SRCROOT)/src";
				VALID_ARCHS = arm64;
			};
			name = Release;
		};
/* End XCBuildConfiguration section */

/* Begin XCConfigurationList section */
		807AB3AA1C5A64C0008C4A04 /* Build configuration list for PBXProject "Library_libpng" */ = {
			isa = XCConfigurationList;
			buildConfigurations = (
				807AB3B61C5A64C0008C4A04 /* Debug */,
				807AB3B71C5A64C0008C4A04 /* Release */,
			);
			defaultConfigurationIsVisible = 0;
			defaultConfigurationName = Release;
		};
		807AB3B81C5A64C0008C4A04 /* Build configuration list for PBXNativeTarget "Library_libpng" */ = {
			isa = XCConfigurationList;
			buildConfigurations = (
				807AB3B91C5A64C0008C4A04 /* Debug */,
				807AB3BA1C5A64C0008C4A04 /* Release */,
			);
			defaultConfigurationIsVisible = 0;
			defaultConfigurationName = Release;
		};
/* End XCConfigurationList section */
	};
	rootObject = 807AB3A71C5A64C0008C4A04 /* Project object */;
}
