// !$*UTF8*$!
{
	archiveVersion = 1;
	classes = {
	};
	objectVersion = 46;
	objects = {

/* Begin PBXBuildFile section */
		8012AAFE1C7209A000835A56 /* jpcommon.c in Sources */ = {isa = PBXBuildFile; fileRef = 8012AA2B1C7205B800835A56 /* jpcommon.c */; };
		8012AAFF1C7209A000835A56 /* jpcommon_label.c in Sources */ = {isa = PBXBuildFile; fileRef = 8012AA2D1C7205B800835A56 /* jpcommon_label.c */; };
		8012AB001C7209A000835A56 /* jpcommon_node.c in Sources */ = {isa = PBXBuildFile; fileRef = 8012AA2E1C7205B800835A56 /* jpcommon_node.c */; };
		8012AB011C7209A000835A56 /* char_property.cpp in Sources */ = {isa = PBXBuildFile; fileRef = 8012AA411C7205B800835A56 /* char_property.cpp */; };
		8012AB021C7209A000835A56 /* connector.cpp in Sources */ = {isa = PBXBuildFile; fileRef = 8012AA441C7205B800835A56 /* connector.cpp */; };
		8012AB031C7209A000835A56 /* context_id.cpp in Sources */ = {isa = PBXBuildFile; fileRef = 8012AA461C7205B800835A56 /* context_id.cpp */; };
		8012AB041C7209A000835A56 /* dictionary.cpp in Sources */ = {isa = PBXBuildFile; fileRef = 8012AA491C7205B800835A56 /* dictionary.cpp */; };
		8012AB051C7209A000835A56 /* dictionary_compiler.cpp in Sources */ = {isa = PBXBuildFile; fileRef = 8012AA4B1C7205B800835A56 /* dictionary_compiler.cpp */; };
		8012AB061C7209A000835A56 /* dictionary_generator.cpp in Sources */ = {isa = PBXBuildFile; fileRef = 8012AA4C1C7205B800835A56 /* dictionary_generator.cpp */; };
		8012AB071C7209A000835A56 /* dictionary_rewriter.cpp in Sources */ = {isa = PBXBuildFile; fileRef = 8012AA4D1C7205B800835A56 /* dictionary_rewriter.cpp */; };
		8012AB081C7209A000835A56 /* eval.cpp in Sources */ = {isa = PBXBuildFile; fileRef = 8012AA4F1C7205B800835A56 /* eval.cpp */; };
		8012AB091C7209A000835A56 /* feature_index.cpp in Sources */ = {isa = PBXBuildFile; fileRef = 8012AA501C7205B800835A56 /* feature_index.cpp */; };
		8012AB0A1C7209A000835A56 /* iconv_utils.cpp in Sources */ = {isa = PBXBuildFile; fileRef = 8012AA531C7205B800835A56 /* iconv_utils.cpp */; };
		8012AB0B1C7209A000835A56 /* lbfgs.cpp in Sources */ = {isa = PBXBuildFile; fileRef = 8012AA551C7205B800835A56 /* lbfgs.cpp */; };
		8012AB0C1C7209A000835A56 /* learner.cpp in Sources */ = {isa = PBXBuildFile; fileRef = 8012AA571C7205B800835A56 /* learner.cpp */; };
		8012AB0D1C7209A000835A56 /* learner_tagger.cpp in Sources */ = {isa = PBXBuildFile; fileRef = 8012AA591C7205B800835A56 /* learner_tagger.cpp */; };
		8012AB0E1C7209A000835A56 /* libmecab.cpp in Sources */ = {isa = PBXBuildFile; fileRef = 8012AA5B1C7205B800835A56 /* libmecab.cpp */; };
		8012AB101C7209A000835A56 /* mecab.cpp in Sources */ = {isa = PBXBuildFile; fileRef = 8012AA601C7205B800835A56 /* mecab.cpp */; };
		8012AB111C7209A000835A56 /* nbest_generator.cpp in Sources */ = {isa = PBXBuildFile; fileRef = 8012AA651C7205B800835A56 /* nbest_generator.cpp */; };
		8012AB121C7209A000835A56 /* param.cpp in Sources */ = {isa = PBXBuildFile; fileRef = 8012AA671C7205B800835A56 /* param.cpp */; };
		8012AB131C7209A000835A56 /* string_buffer.cpp in Sources */ = {isa = PBXBuildFile; fileRef = 8012AA6B1C7205B800835A56 /* string_buffer.cpp */; };
		8012AB141C7209A000835A56 /* tagger.cpp in Sources */ = {isa = PBXBuildFile; fileRef = 8012AA6D1C7205B800835A56 /* tagger.cpp */; };
		8012AB151C7209A000835A56 /* tokenizer.cpp in Sources */ = {isa = PBXBuildFile; fileRef = 8012AA6F1C7205B800835A56 /* tokenizer.cpp */; };
		8012AB161C7209A000835A56 /* utils.cpp in Sources */ = {isa = PBXBuildFile; fileRef = 8012AA731C7205B800835A56 /* utils.cpp */; };
		8012AB171C7209A000835A56 /* viterbi.cpp in Sources */ = {isa = PBXBuildFile; fileRef = 8012AA751C7205B800835A56 /* viterbi.cpp */; };
		8012AB181C7209A000835A56 /* writer.cpp in Sources */ = {isa = PBXBuildFile; fileRef = 8012AA791C7205B800835A56 /* writer.cpp */; };
		8012AB1A1C7209A000835A56 /* mecab2njd.c in Sources */ = {isa = PBXBuildFile; fileRef = 8012AA8E1C7205B800835A56 /* mecab2njd.c */; };
		8012AB1B1C7209A000835A56 /* njd.c in Sources */ = {isa = PBXBuildFile; fileRef = 8012AA951C7205B800835A56 /* njd.c */; };
		8012AB1C1C7209A000835A56 /* njd_node.c in Sources */ = {isa = PBXBuildFile; fileRef = 8012AA971C7205B800835A56 /* njd_node.c */; };
		8012AB1D1C7209A000835A56 /* njd2jpcommon.c in Sources */ = {isa = PBXBuildFile; fileRef = 8012AA9F1C7205B800835A56 /* njd2jpcommon.c */; };
		8012AB1E1C7209A000835A56 /* njd_set_accent_phrase.c in Sources */ = {isa = PBXBuildFile; fileRef = 8012AAAB1C7205B800835A56 /* njd_set_accent_phrase.c */; };
		8012AB1F1C7209A000835A56 /* njd_set_accent_type.c in Sources */ = {isa = PBXBuildFile; fileRef = 8012AAB71C7205B800835A56 /* njd_set_accent_type.c */; };
		8012AB201C7209A000835A56 /* njd_set_digit.c in Sources */ = {isa = PBXBuildFile; fileRef = 8012AAC31C7205B800835A56 /* njd_set_digit.c */; };
		8012AB211C7209A000835A56 /* njd_set_long_vowel.c in Sources */ = {isa = PBXBuildFile; fileRef = 8012AACF1C7205B800835A56 /* njd_set_long_vowel.c */; };
		8012AB221C7209A000835A56 /* njd_set_pronunciation.c in Sources */ = {isa = PBXBuildFile; fileRef = 8012AADB1C7205B800835A56 /* njd_set_pronunciation.c */; };
		8012AB231C7209A000835A56 /* njd_set_unvoiced_vowel.c in Sources */ = {isa = PBXBuildFile; fileRef = 8012AAE71C7205B800835A56 /* njd_set_unvoiced_vowel.c */; };
		8012AB241C7209A000835A56 /* text2mecab.c in Sources */ = {isa = PBXBuildFile; fileRef = 8012AAF41C7205B800835A56 /* text2mecab.c */; };
/* End PBXBuildFile section */

/* Begin PBXFileReference section */
		8012A9FC1C72044A00835A56 /* libLibrary_Open_JTalk.a */ = {isa = PBXFileReference; explicitFileType = archive.ar; includeInIndex = 0; path = libLibrary_Open_JTalk.a; sourceTree = BUILT_PRODUCTS_DIR; };
		8012AA081C7205B800835A56 /* jpcommon.h */ = {isa = PBXFileReference; lastKnownFileType = sourcecode.c.h; path = jpcommon.h; sourceTree = "<group>"; };
		8012AA091C7205B800835A56 /* mecab.h */ = {isa = PBXFileReference; lastKnownFileType = sourcecode.c.h; path = mecab.h; sourceTree = "<group>"; };
		8012AA0A1C7205B800835A56 /* mecab2njd.h */ = {isa = PBXFileReference; lastKnownFileType = sourcecode.c.h; path = mecab2njd.h; sourceTree = "<group>"; };
		8012AA0B1C7205B800835A56 /* njd.h */ = {isa = PBXFileReference; lastKnownFileType = sourcecode.c.h; path = njd.h; sourceTree = "<group>"; };
		8012AA0C1C7205B800835A56 /* njd2jpcommon.h */ = {isa = PBXFileReference; lastKnownFileType = sourcecode.c.h; path = njd2jpcommon.h; sourceTree = "<group>"; };
		8012AA0D1C7205B800835A56 /* njd_set_accent_phrase.h */ = {isa = PBXFileReference; lastKnownFileType = sourcecode.c.h; path = njd_set_accent_phrase.h; sourceTree = "<group>"; };
		8012AA0E1C7205B800835A56 /* njd_set_accent_type.h */ = {isa = PBXFileReference; lastKnownFileType = sourcecode.c.h; path = njd_set_accent_type.h; sourceTree = "<group>"; };
		8012AA0F1C7205B800835A56 /* njd_set_digit.h */ = {isa = PBXFileReference; lastKnownFileType = sourcecode.c.h; path = njd_set_digit.h; sourceTree = "<group>"; };
		8012AA101C7205B800835A56 /* njd_set_long_vowel.h */ = {isa = PBXFileReference; lastKnownFileType = sourcecode.c.h; path = njd_set_long_vowel.h; sourceTree = "<group>"; };
		8012AA111C7205B800835A56 /* njd_set_pronunciation.h */ = {isa = PBXFileReference; lastKnownFileType = sourcecode.c.h; path = njd_set_pronunciation.h; sourceTree = "<group>"; };
		8012AA121C7205B800835A56 /* njd_set_unvoiced_vowel.h */ = {isa = PBXFileReference; lastKnownFileType = sourcecode.c.h; path = njd_set_unvoiced_vowel.h; sourceTree = "<group>"; };
		8012AA131C7205B800835A56 /* text2mecab.h */ = {isa = PBXFileReference; lastKnownFileType = sourcecode.c.h; path = text2mecab.h; sourceTree = "<group>"; };
		8012AA1D1C7205B800835A56 /* open_jtalk.c */ = {isa = PBXFileReference; lastKnownFileType = sourcecode.c.c; path = open_jtalk.c; sourceTree = "<group>"; };
		8012AA201C7205B800835A56 /* compile */ = {isa = PBXFileReference; lastKnownFileType = text.script.sh; path = compile; sourceTree = "<group>"; };
		8012AA211C7205B800835A56 /* config.guess */ = {isa = PBXFileReference; lastKnownFileType = text.script.sh; path = config.guess; sourceTree = "<group>"; };
		8012AA221C7205B800835A56 /* config.sub */ = {isa = PBXFileReference; lastKnownFileType = text.script.sh; path = config.sub; sourceTree = "<group>"; };
		8012AA231C7205B800835A56 /* depcomp */ = {isa = PBXFileReference; lastKnownFileType = text.script.sh; path = depcomp; sourceTree = "<group>"; };
		8012AA241C7205B800835A56 /* install-sh */ = {isa = PBXFileReference; lastKnownFileType = text.script.sh; path = "install-sh"; sourceTree = "<group>"; };
		8012AA251C7205B800835A56 /* missing */ = {isa = PBXFileReference; lastKnownFileType = text.script.sh; path = missing; sourceTree = "<group>"; };
		8012AA2B1C7205B800835A56 /* jpcommon.c */ = {isa = PBXFileReference; lastKnownFileType = sourcecode.c.c; path = jpcommon.c; sourceTree = "<group>"; };
		8012AA2C1C7205B800835A56 /* jpcommon.h */ = {isa = PBXFileReference; lastKnownFileType = sourcecode.c.h; path = jpcommon.h; sourceTree = "<group>"; };
		8012AA2D1C7205B800835A56 /* jpcommon_label.c */ = {isa = PBXFileReference; lastKnownFileType = sourcecode.c.c; path = jpcommon_label.c; sourceTree = "<group>"; };
		8012AA2E1C7205B800835A56 /* jpcommon_node.c */ = {isa = PBXFileReference; lastKnownFileType = sourcecode.c.c; path = jpcommon_node.c; sourceTree = "<group>"; };
		8012AA2F1C7205B800835A56 /* jpcommon_rule_ascii_for_euc_jp.h */ = {isa = PBXFileReference; lastKnownFileType = sourcecode.c.h; path = jpcommon_rule_ascii_for_euc_jp.h; sourceTree = "<group>"; };
		8012AA301C7205B800835A56 /* jpcommon_rule_ascii_for_shift_jis.h */ = {isa = PBXFileReference; lastKnownFileType = sourcecode.c.h; path = jpcommon_rule_ascii_for_shift_jis.h; sourceTree = "<group>"; };
		8012AA311C7205B800835A56 /* jpcommon_rule_ascii_for_utf_8.h */ = {isa = PBXFileReference; lastKnownFileType = sourcecode.c.h; path = jpcommon_rule_ascii_for_utf_8.h; sourceTree = "<group>"; };
		8012AA321C7205B800835A56 /* jpcommon_rule_euc_jp.h */ = {isa = PBXFileReference; lastKnownFileType = sourcecode.c.h; path = jpcommon_rule_euc_jp.h; sourceTree = "<group>"; };
		8012AA331C7205B800835A56 /* jpcommon_rule_shift_jis.h */ = {isa = PBXFileReference; lastKnownFileType = sourcecode.c.h; path = jpcommon_rule_shift_jis.h; sourceTree = "<group>"; };
		8012AA341C7205B800835A56 /* jpcommon_rule_utf_8.h */ = {isa = PBXFileReference; lastKnownFileType = sourcecode.c.h; path = jpcommon_rule_utf_8.h; sourceTree = "<group>"; };
		8012AA351C7205B800835A56 /* Makefile.am */ = {isa = PBXFileReference; lastKnownFileType = text; path = Makefile.am; sourceTree = "<group>"; };
		8012AA361C7205B800835A56 /* Makefile.in */ = {isa = PBXFileReference; lastKnownFileType = text; path = Makefile.in; sourceTree = "<group>"; };
		8012AA371C7205B800835A56 /* Makefile.mak */ = {isa = PBXFileReference; lastKnownFileType = sourcecode.make; path = Makefile.mak; sourceTree = "<group>"; };
		8012AA3C1C7205B800835A56 /* config.h.in */ = {isa = PBXFileReference; lastKnownFileType = text; path = config.h.in; sourceTree = "<group>"; };
		8012AA3D1C7205B800835A56 /* COPYING */ = {isa = PBXFileReference; lastKnownFileType = text; path = COPYING; sourceTree = "<group>"; };
		8012AA3E1C7205B800835A56 /* Makefile.am */ = {isa = PBXFileReference; lastKnownFileType = text; path = Makefile.am; sourceTree = "<group>"; };
		8012AA3F1C7205B800835A56 /* Makefile.in */ = {isa = PBXFileReference; lastKnownFileType = text; path = Makefile.in; sourceTree = "<group>"; };
		8012AA401C7205B800835A56 /* Makefile.mak */ = {isa = PBXFileReference; lastKnownFileType = sourcecode.make; path = Makefile.mak; sourceTree = "<group>"; };
		8012AA411C7205B800835A56 /* char_property.cpp */ = {isa = PBXFileReference; lastKnownFileType = sourcecode.cpp.cpp; path = char_property.cpp; sourceTree = "<group>"; };
		8012AA421C7205B800835A56 /* char_property.h */ = {isa = PBXFileReference; lastKnownFileType = sourcecode.c.h; path = char_property.h; sourceTree = "<group>"; };
		8012AA431C7205B800835A56 /* common.h */ = {isa = PBXFileReference; lastKnownFileType = sourcecode.c.h; path = common.h; sourceTree = "<group>"; };
		8012AA441C7205B800835A56 /* connector.cpp */ = {isa = PBXFileReference; lastKnownFileType = sourcecode.cpp.cpp; path = connector.cpp; sourceTree = "<group>"; };
		8012AA451C7205B800835A56 /* connector.h */ = {isa = PBXFileReference; lastKnownFileType = sourcecode.c.h; path = connector.h; sourceTree = "<group>"; };
		8012AA461C7205B800835A56 /* context_id.cpp */ = {isa = PBXFileReference; lastKnownFileType = sourcecode.cpp.cpp; path = context_id.cpp; sourceTree = "<group>"; };
		8012AA471C7205B800835A56 /* context_id.h */ = {isa = PBXFileReference; lastKnownFileType = sourcecode.c.h; path = context_id.h; sourceTree = "<group>"; };
		8012AA481C7205B800835A56 /* darts.h */ = {isa = PBXFileReference; lastKnownFileType = sourcecode.c.h; path = darts.h; sourceTree = "<group>"; };
		8012AA491C7205B800835A56 /* dictionary.cpp */ = {isa = PBXFileReference; lastKnownFileType = sourcecode.cpp.cpp; path = dictionary.cpp; sourceTree = "<group>"; };
		8012AA4A1C7205B800835A56 /* dictionary.h */ = {isa = PBXFileReference; lastKnownFileType = sourcecode.c.h; path = dictionary.h; sourceTree = "<group>"; };
		8012AA4B1C7205B800835A56 /* dictionary_compiler.cpp */ = {isa = PBXFileReference; lastKnownFileType = sourcecode.cpp.cpp; path = dictionary_compiler.cpp; sourceTree = "<group>"; };
		8012AA4C1C7205B800835A56 /* dictionary_generator.cpp */ = {isa = PBXFileReference; lastKnownFileType = sourcecode.cpp.cpp; path = dictionary_generator.cpp; sourceTree = "<group>"; };
		8012AA4D1C7205B800835A56 /* dictionary_rewriter.cpp */ = {isa = PBXFileReference; lastKnownFileType = sourcecode.cpp.cpp; path = dictionary_rewriter.cpp; sourceTree = "<group>"; };
		8012AA4E1C7205B800835A56 /* dictionary_rewriter.h */ = {isa = PBXFileReference; lastKnownFileType = sourcecode.c.h; path = dictionary_rewriter.h; sourceTree = "<group>"; };
		8012AA4F1C7205B800835A56 /* eval.cpp */ = {isa = PBXFileReference; lastKnownFileType = sourcecode.cpp.cpp; path = eval.cpp; sourceTree = "<group>"; };
		8012AA501C7205B800835A56 /* feature_index.cpp */ = {isa = PBXFileReference; lastKnownFileType = sourcecode.cpp.cpp; path = feature_index.cpp; sourceTree = "<group>"; };
		8012AA511C7205B800835A56 /* feature_index.h */ = {isa = PBXFileReference; lastKnownFileType = sourcecode.c.h; path = feature_index.h; sourceTree = "<group>"; };
		8012AA521C7205B800835A56 /* freelist.h */ = {isa = PBXFileReference; lastKnownFileType = sourcecode.c.h; path = freelist.h; sourceTree = "<group>"; };
		8012AA531C7205B800835A56 /* iconv_utils.cpp */ = {isa = PBXFileReference; lastKnownFileType = sourcecode.cpp.cpp; path = iconv_utils.cpp; sourceTree = "<group>"; };
		8012AA541C7205B800835A56 /* iconv_utils.h */ = {isa = PBXFileReference; lastKnownFileType = sourcecode.c.h; path = iconv_utils.h; sourceTree = "<group>"; };
		8012AA551C7205B800835A56 /* lbfgs.cpp */ = {isa = PBXFileReference; lastKnownFileType = sourcecode.cpp.cpp; path = lbfgs.cpp; sourceTree = "<group>"; };
		8012AA561C7205B800835A56 /* lbfgs.h */ = {isa = PBXFileReference; lastKnownFileType = sourcecode.c.h; path = lbfgs.h; sourceTree = "<group>"; };
		8012AA571C7205B800835A56 /* learner.cpp */ = {isa = PBXFileReference; lastKnownFileType = sourcecode.cpp.cpp; path = learner.cpp; sourceTree = "<group>"; };
		8012AA581C7205B800835A56 /* learner_node.h */ = {isa = PBXFileReference; lastKnownFileType = sourcecode.c.h; path = learner_node.h; sourceTree = "<group>"; };
		8012AA591C7205B800835A56 /* learner_tagger.cpp */ = {isa = PBXFileReference; lastKnownFileType = sourcecode.cpp.cpp; path = learner_tagger.cpp; sourceTree = "<group>"; };
		8012AA5A1C7205B800835A56 /* learner_tagger.h */ = {isa = PBXFileReference; lastKnownFileType = sourcecode.c.h; path = learner_tagger.h; sourceTree = "<group>"; };
		8012AA5B1C7205B800835A56 /* libmecab.cpp */ = {isa = PBXFileReference; lastKnownFileType = sourcecode.cpp.cpp; path = libmecab.cpp; sourceTree = "<group>"; };
		8012AA5C1C7205B800835A56 /* Makefile.am */ = {isa = PBXFileReference; lastKnownFileType = text; path = Makefile.am; sourceTree = "<group>"; };
		8012AA5D1C7205B800835A56 /* Makefile.in */ = {isa = PBXFileReference; lastKnownFileType = text; path = Makefile.in; sourceTree = "<group>"; };
		8012AA5E1C7205B800835A56 /* Makefile.mak */ = {isa = PBXFileReference; lastKnownFileType = sourcecode.make; path = Makefile.mak; sourceTree = "<group>"; };
		8012AA5F1C7205B800835A56 /* mecab-dict-index.cpp */ = {isa = PBXFileReference; lastKnownFileType = sourcecode.cpp.cpp; path = "mecab-dict-index.cpp"; sourceTree = "<group>"; };
		8012AA601C7205B800835A56 /* mecab.cpp */ = {isa = PBXFileReference; lastKnownFileType = sourcecode.cpp.cpp; path = mecab.cpp; sourceTree = "<group>"; };
		8012AA611C7205B800835A56 /* mecab.h */ = {isa = PBXFileReference; lastKnownFileType = sourcecode.c.h; path = mecab.h; sourceTree = "<group>"; };
		8012AA621C7205B800835A56 /* mempool.h */ = {isa = PBXFileReference; lastKnownFileType = sourcecode.c.h; path = mempool.h; sourceTree = "<group>"; };
		8012AA631C7205B800835A56 /* mmap.h */ = {isa = PBXFileReference; lastKnownFileType = sourcecode.c.h; path = mmap.h; sourceTree = "<group>"; };
		8012AA641C7205B800835A56 /* mutex.h */ = {isa = PBXFileReference; lastKnownFileType = sourcecode.c.h; path = mutex.h; sourceTree = "<group>"; };
		8012AA651C7205B800835A56 /* nbest_generator.cpp */ = {isa = PBXFileReference; lastKnownFileType = sourcecode.cpp.cpp; path = nbest_generator.cpp; sourceTree = "<group>"; };
		8012AA661C7205B800835A56 /* nbest_generator.h */ = {isa = PBXFileReference; lastKnownFileType = sourcecode.c.h; path = nbest_generator.h; sourceTree = "<group>"; };
		8012AA671C7205B800835A56 /* param.cpp */ = {isa = PBXFileReference; lastKnownFileType = sourcecode.cpp.cpp; path = param.cpp; sourceTree = "<group>"; };
		8012AA681C7205B800835A56 /* param.h */ = {isa = PBXFileReference; lastKnownFileType = sourcecode.c.h; path = param.h; sourceTree = "<group>"; };
		8012AA691C7205B800835A56 /* scoped_ptr.h */ = {isa = PBXFileReference; lastKnownFileType = sourcecode.c.h; path = scoped_ptr.h; sourceTree = "<group>"; };
		8012AA6A1C7205B800835A56 /* stream_wrapper.h */ = {isa = PBXFileReference; lastKnownFileType = sourcecode.c.h; path = stream_wrapper.h; sourceTree = "<group>"; };
		8012AA6B1C7205B800835A56 /* string_buffer.cpp */ = {isa = PBXFileReference; lastKnownFileType = sourcecode.cpp.cpp; path = string_buffer.cpp; sourceTree = "<group>"; };
		8012AA6C1C7205B800835A56 /* string_buffer.h */ = {isa = PBXFileReference; lastKnownFileType = sourcecode.c.h; path = string_buffer.h; sourceTree = "<group>"; };
		8012AA6D1C7205B800835A56 /* tagger.cpp */ = {isa = PBXFileReference; lastKnownFileType = sourcecode.cpp.cpp; path = tagger.cpp; sourceTree = "<group>"; };
		8012AA6E1C7205B800835A56 /* thread.h */ = {isa = PBXFileReference; lastKnownFileType = sourcecode.c.h; path = thread.h; sourceTree = "<group>"; };
		8012AA6F1C7205B800835A56 /* tokenizer.cpp */ = {isa = PBXFileReference; lastKnownFileType = sourcecode.cpp.cpp; path = tokenizer.cpp; sourceTree = "<group>"; };
		8012AA701C7205B800835A56 /* tokenizer.h */ = {isa = PBXFileReference; lastKnownFileType = sourcecode.c.h; path = tokenizer.h; sourceTree = "<group>"; };
		8012AA711C7205B800835A56 /* ucs.h */ = {isa = PBXFileReference; lastKnownFileType = sourcecode.c.h; path = ucs.h; sourceTree = "<group>"; };
		8012AA721C7205B800835A56 /* ucstable.h */ = {isa = PBXFileReference; lastKnownFileType = sourcecode.c.h; path = ucstable.h; sourceTree = "<group>"; };
		8012AA731C7205B800835A56 /* utils.cpp */ = {isa = PBXFileReference; lastKnownFileType = sourcecode.cpp.cpp; path = utils.cpp; sourceTree = "<group>"; };
		8012AA741C7205B800835A56 /* utils.h */ = {isa = PBXFileReference; lastKnownFileType = sourcecode.c.h; path = utils.h; sourceTree = "<group>"; };
		8012AA751C7205B800835A56 /* viterbi.cpp */ = {isa = PBXFileReference; lastKnownFileType = sourcecode.cpp.cpp; path = viterbi.cpp; sourceTree = "<group>"; };
		8012AA761C7205B800835A56 /* viterbi.h */ = {isa = PBXFileReference; lastKnownFileType = sourcecode.c.h; path = viterbi.h; sourceTree = "<group>"; };
		8012AA771C7205B800835A56 /* viterbisub.h */ = {isa = PBXFileReference; lastKnownFileType = sourcecode.c.h; path = viterbisub.h; sourceTree = "<group>"; };
		8012AA781C7205B800835A56 /* winmain.h */ = {isa = PBXFileReference; lastKnownFileType = sourcecode.c.h; path = winmain.h; sourceTree = "<group>"; };
		8012AA791C7205B800835A56 /* writer.cpp */ = {isa = PBXFileReference; lastKnownFileType = sourcecode.cpp.cpp; path = writer.cpp; sourceTree = "<group>"; };
		8012AA7A1C7205B800835A56 /* writer.h */ = {isa = PBXFileReference; lastKnownFileType = sourcecode.c.h; path = writer.h; sourceTree = "<group>"; };
		8012AA8B1C7205B800835A56 /* Makefile.am */ = {isa = PBXFileReference; lastKnownFileType = text; path = Makefile.am; sourceTree = "<group>"; };
		8012AA8C1C7205B800835A56 /* Makefile.in */ = {isa = PBXFileReference; lastKnownFileType = text; path = Makefile.in; sourceTree = "<group>"; };
		8012AA8D1C7205B800835A56 /* Makefile.mak */ = {isa = PBXFileReference; lastKnownFileType = sourcecode.make; path = Makefile.mak; sourceTree = "<group>"; };
		8012AA8E1C7205B800835A56 /* mecab2njd.c */ = {isa = PBXFileReference; lastKnownFileType = sourcecode.c.c; path = mecab2njd.c; sourceTree = "<group>"; };
		8012AA8F1C7205B800835A56 /* mecab2njd.h */ = {isa = PBXFileReference; lastKnownFileType = sourcecode.c.h; path = mecab2njd.h; sourceTree = "<group>"; };
		8012AA921C7205B800835A56 /* Makefile.am */ = {isa = PBXFileReference; lastKnownFileType = text; path = Makefile.am; sourceTree = "<group>"; };
		8012AA931C7205B800835A56 /* Makefile.in */ = {isa = PBXFileReference; lastKnownFileType = text; path = Makefile.in; sourceTree = "<group>"; };
		8012AA941C7205B800835A56 /* Makefile.mak */ = {isa = PBXFileReference; lastKnownFileType = sourcecode.make; path = Makefile.mak; sourceTree = "<group>"; };
		8012AA951C7205B800835A56 /* njd.c */ = {isa = PBXFileReference; lastKnownFileType = sourcecode.c.c; path = njd.c; sourceTree = "<group>"; };
		8012AA961C7205B800835A56 /* njd.h */ = {isa = PBXFileReference; lastKnownFileType = sourcecode.c.h; path = njd.h; sourceTree = "<group>"; };
		8012AA971C7205B800835A56 /* njd_node.c */ = {isa = PBXFileReference; lastKnownFileType = sourcecode.c.c; path = njd_node.c; sourceTree = "<group>"; };
		8012AA981C7205B800835A56 /* njd_rule_euc_jp.h */ = {isa = PBXFileReference; lastKnownFileType = sourcecode.c.h; path = njd_rule_euc_jp.h; sourceTree = "<group>"; };
		8012AA991C7205B800835A56 /* njd_rule_shift_jis.h */ = {isa = PBXFileReference; lastKnownFileType = sourcecode.c.h; path = njd_rule_shift_jis.h; sourceTree = "<group>"; };
		8012AA9A1C7205B800835A56 /* njd_rule_utf_8.h */ = {isa = PBXFileReference; lastKnownFileType = sourcecode.c.h; path = njd_rule_utf_8.h; sourceTree = "<group>"; };
		8012AA9C1C7205B800835A56 /* Makefile.am */ = {isa = PBXFileReference; lastKnownFileType = text; path = Makefile.am; sourceTree = "<group>"; };
		8012AA9D1C7205B800835A56 /* Makefile.in */ = {isa = PBXFileReference; lastKnownFileType = text; path = Makefile.in; sourceTree = "<group>"; };
		8012AA9E1C7205B800835A56 /* Makefile.mak */ = {isa = PBXFileReference; lastKnownFileType = sourcecode.make; path = Makefile.mak; sourceTree = "<group>"; };
		8012AA9F1C7205B800835A56 /* njd2jpcommon.c */ = {isa = PBXFileReference; lastKnownFileType = sourcecode.c.c; path = njd2jpcommon.c; sourceTree = "<group>"; };
		8012AAA01C7205B800835A56 /* njd2jpcommon.h */ = {isa = PBXFileReference; lastKnownFileType = sourcecode.c.h; path = njd2jpcommon.h; sourceTree = "<group>"; };
		8012AAA11C7205B800835A56 /* njd2jpcommon_rule_ascii_for_euc_jp.h */ = {isa = PBXFileReference; lastKnownFileType = sourcecode.c.h; path = njd2jpcommon_rule_ascii_for_euc_jp.h; sourceTree = "<group>"; };
		8012AAA21C7205B800835A56 /* njd2jpcommon_rule_ascii_for_shift_jis.h */ = {isa = PBXFileReference; lastKnownFileType = sourcecode.c.h; path = njd2jpcommon_rule_ascii_for_shift_jis.h; sourceTree = "<group>"; };
		8012AAA31C7205B800835A56 /* njd2jpcommon_rule_ascii_for_utf_8.h */ = {isa = PBXFileReference; lastKnownFileType = sourcecode.c.h; path = njd2jpcommon_rule_ascii_for_utf_8.h; sourceTree = "<group>"; };
		8012AAA41C7205B800835A56 /* njd2jpcommon_rule_euc_jp.h */ = {isa = PBXFileReference; lastKnownFileType = sourcecode.c.h; path = njd2jpcommon_rule_euc_jp.h; sourceTree = "<group>"; };
		8012AAA51C7205B800835A56 /* njd2jpcommon_rule_shift_jis.h */ = {isa = PBXFileReference; lastKnownFileType = sourcecode.c.h; path = njd2jpcommon_rule_shift_jis.h; sourceTree = "<group>"; };
		8012AAA61C7205B800835A56 /* njd2jpcommon_rule_utf_8.h */ = {isa = PBXFileReference; lastKnownFileType = sourcecode.c.h; path = njd2jpcommon_rule_utf_8.h; sourceTree = "<group>"; };
		8012AAA81C7205B800835A56 /* Makefile.am */ = {isa = PBXFileReference; lastKnownFileType = text; path = Makefile.am; sourceTree = "<group>"; };
		8012AAA91C7205B800835A56 /* Makefile.in */ = {isa = PBXFileReference; lastKnownFileType = text; path = Makefile.in; sourceTree = "<group>"; };
		8012AAAA1C7205B800835A56 /* Makefile.mak */ = {isa = PBXFileReference; lastKnownFileType = sourcecode.make; path = Makefile.mak; sourceTree = "<group>"; };
		8012AAAB1C7205B800835A56 /* njd_set_accent_phrase.c */ = {isa = PBXFileReference; lastKnownFileType = sourcecode.c.c; path = njd_set_accent_phrase.c; sourceTree = "<group>"; };
		8012AAAC1C7205B800835A56 /* njd_set_accent_phrase.h */ = {isa = PBXFileReference; lastKnownFileType = sourcecode.c.h; path = njd_set_accent_phrase.h; sourceTree = "<group>"; };
		8012AAAD1C7205B800835A56 /* njd_set_accent_phrase_rule_ascii_for_euc_jp.h */ = {isa = PBXFileReference; lastKnownFileType = sourcecode.c.h; path = njd_set_accent_phrase_rule_ascii_for_euc_jp.h; sourceTree = "<group>"; };
		8012AAAE1C7205B800835A56 /* njd_set_accent_phrase_rule_ascii_for_shift_jis.h */ = {isa = PBXFileReference; lastKnownFileType = sourcecode.c.h; path = njd_set_accent_phrase_rule_ascii_for_shift_jis.h; sourceTree = "<group>"; };
		8012AAAF1C7205B800835A56 /* njd_set_accent_phrase_rule_ascii_for_utf_8.h */ = {isa = PBXFileReference; lastKnownFileType = sourcecode.c.h; path = njd_set_accent_phrase_rule_ascii_for_utf_8.h; sourceTree = "<group>"; };
		8012AAB01C7205B800835A56 /* njd_set_accent_phrase_rule_euc_jp.h */ = {isa = PBXFileReference; lastKnownFileType = sourcecode.c.h; path = njd_set_accent_phrase_rule_euc_jp.h; sourceTree = "<group>"; };
		8012AAB11C7205B800835A56 /* njd_set_accent_phrase_rule_shift_jis.h */ = {isa = PBXFileReference; lastKnownFileType = sourcecode.c.h; path = njd_set_accent_phrase_rule_shift_jis.h; sourceTree = "<group>"; };
		8012AAB21C7205B800835A56 /* njd_set_accent_phrase_rule_utf_8.h */ = {isa = PBXFileReference; lastKnownFileType = sourcecode.c.h; path = njd_set_accent_phrase_rule_utf_8.h; sourceTree = "<group>"; };
		8012AAB41C7205B800835A56 /* Makefile.am */ = {isa = PBXFileReference; lastKnownFileType = text; path = Makefile.am; sourceTree = "<group>"; };
		8012AAB51C7205B800835A56 /* Makefile.in */ = {isa = PBXFileReference; lastKnownFileType = text; path = Makefile.in; sourceTree = "<group>"; };
		8012AAB61C7205B800835A56 /* Makefile.mak */ = {isa = PBXFileReference; lastKnownFileType = sourcecode.make; path = Makefile.mak; sourceTree = "<group>"; };
		8012AAB71C7205B800835A56 /* njd_set_accent_type.c */ = {isa = PBXFileReference; lastKnownFileType = sourcecode.c.c; path = njd_set_accent_type.c; sourceTree = "<group>"; };
		8012AAB81C7205B800835A56 /* njd_set_accent_type.h */ = {isa = PBXFileReference; lastKnownFileType = sourcecode.c.h; path = njd_set_accent_type.h; sourceTree = "<group>"; };
		8012AAB91C7205B800835A56 /* njd_set_accent_type_rule_ascii_for_euc_jp.h */ = {isa = PBXFileReference; lastKnownFileType = sourcecode.c.h; path = njd_set_accent_type_rule_ascii_for_euc_jp.h; sourceTree = "<group>"; };
		8012AABA1C7205B800835A56 /* njd_set_accent_type_rule_ascii_for_shift_jis.h */ = {isa = PBXFileReference; lastKnownFileType = sourcecode.c.h; path = njd_set_accent_type_rule_ascii_for_shift_jis.h; sourceTree = "<group>"; };
		8012AABB1C7205B800835A56 /* njd_set_accent_type_rule_ascii_for_utf_8.h */ = {isa = PBXFileReference; lastKnownFileType = sourcecode.c.h; path = njd_set_accent_type_rule_ascii_for_utf_8.h; sourceTree = "<group>"; };
		8012AABC1C7205B800835A56 /* njd_set_accent_type_rule_euc_jp.h */ = {isa = PBXFileReference; lastKnownFileType = sourcecode.c.h; path = njd_set_accent_type_rule_euc_jp.h; sourceTree = "<group>"; };
		8012AABD1C7205B800835A56 /* njd_set_accent_type_rule_shift_jis.h */ = {isa = PBXFileReference; lastKnownFileType = sourcecode.c.h; path = njd_set_accent_type_rule_shift_jis.h; sourceTree = "<group>"; };
		8012AABE1C7205B800835A56 /* njd_set_accent_type_rule_utf_8.h */ = {isa = PBXFileReference; lastKnownFileType = sourcecode.c.h; path = njd_set_accent_type_rule_utf_8.h; sourceTree = "<group>"; };
		8012AAC01C7205B800835A56 /* Makefile.am */ = {isa = PBXFileReference; lastKnownFileType = text; path = Makefile.am; sourceTree = "<group>"; };
		8012AAC11C7205B800835A56 /* Makefile.in */ = {isa = PBXFileReference; lastKnownFileType = text; path = Makefile.in; sourceTree = "<group>"; };
		8012AAC21C7205B800835A56 /* Makefile.mak */ = {isa = PBXFileReference; lastKnownFileType = sourcecode.make; path = Makefile.mak; sourceTree = "<group>"; };
		8012AAC31C7205B800835A56 /* njd_set_digit.c */ = {isa = PBXFileReference; lastKnownFileType = sourcecode.c.c; path = njd_set_digit.c; sourceTree = "<group>"; };
		8012AAC41C7205B800835A56 /* njd_set_digit.h */ = {isa = PBXFileReference; lastKnownFileType = sourcecode.c.h; path = njd_set_digit.h; sourceTree = "<group>"; };
		8012AAC51C7205B800835A56 /* njd_set_digit_rule_ascii_for_euc_jp.h */ = {isa = PBXFileReference; lastKnownFileType = sourcecode.c.h; path = njd_set_digit_rule_ascii_for_euc_jp.h; sourceTree = "<group>"; };
		8012AAC61C7205B800835A56 /* njd_set_digit_rule_ascii_for_shift_jis.h */ = {isa = PBXFileReference; lastKnownFileType = sourcecode.c.h; path = njd_set_digit_rule_ascii_for_shift_jis.h; sourceTree = "<group>"; };
		8012AAC71C7205B800835A56 /* njd_set_digit_rule_ascii_for_utf_8.h */ = {isa = PBXFileReference; lastKnownFileType = sourcecode.c.h; path = njd_set_digit_rule_ascii_for_utf_8.h; sourceTree = "<group>"; };
		8012AAC81C7205B800835A56 /* njd_set_digit_rule_euc_jp.h */ = {isa = PBXFileReference; lastKnownFileType = sourcecode.c.h; path = njd_set_digit_rule_euc_jp.h; sourceTree = "<group>"; };
		8012AAC91C7205B800835A56 /* njd_set_digit_rule_shift_jis.h */ = {isa = PBXFileReference; lastKnownFileType = sourcecode.c.h; path = njd_set_digit_rule_shift_jis.h; sourceTree = "<group>"; };
		8012AACA1C7205B800835A56 /* njd_set_digit_rule_utf_8.h */ = {isa = PBXFileReference; lastKnownFileType = sourcecode.c.h; path = njd_set_digit_rule_utf_8.h; sourceTree = "<group>"; };
		8012AACC1C7205B800835A56 /* Makefile.am */ = {isa = PBXFileReference; lastKnownFileType = text; path = Makefile.am; sourceTree = "<group>"; };
		8012AACD1C7205B800835A56 /* Makefile.in */ = {isa = PBXFileReference; lastKnownFileType = text; path = Makefile.in; sourceTree = "<group>"; };
		8012AACE1C7205B800835A56 /* Makefile.mak */ = {isa = PBXFileReference; lastKnownFileType = sourcecode.make; path = Makefile.mak; sourceTree = "<group>"; };
		8012AACF1C7205B800835A56 /* njd_set_long_vowel.c */ = {isa = PBXFileReference; lastKnownFileType = sourcecode.c.c; path = njd_set_long_vowel.c; sourceTree = "<group>"; };
		8012AAD01C7205B800835A56 /* njd_set_long_vowel.h */ = {isa = PBXFileReference; lastKnownFileType = sourcecode.c.h; path = njd_set_long_vowel.h; sourceTree = "<group>"; };
		8012AAD11C7205B800835A56 /* njd_set_long_vowel_rule_ascii_for_euc_jp.h */ = {isa = PBXFileReference; lastKnownFileType = sourcecode.c.h; path = njd_set_long_vowel_rule_ascii_for_euc_jp.h; sourceTree = "<group>"; };
		8012AAD21C7205B800835A56 /* njd_set_long_vowel_rule_ascii_for_shift_jis.h */ = {isa = PBXFileReference; lastKnownFileType = sourcecode.c.h; path = njd_set_long_vowel_rule_ascii_for_shift_jis.h; sourceTree = "<group>"; };
		8012AAD31C7205B800835A56 /* njd_set_long_vowel_rule_ascii_for_utf_8.h */ = {isa = PBXFileReference; lastKnownFileType = sourcecode.c.h; path = njd_set_long_vowel_rule_ascii_for_utf_8.h; sourceTree = "<group>"; };
		8012AAD41C7205B800835A56 /* njd_set_long_vowel_rule_euc_jp.h */ = {isa = PBXFileReference; lastKnownFileType = sourcecode.c.h; path = njd_set_long_vowel_rule_euc_jp.h; sourceTree = "<group>"; };
		8012AAD51C7205B800835A56 /* njd_set_long_vowel_rule_shift_jis.h */ = {isa = PBXFileReference; lastKnownFileType = sourcecode.c.h; path = njd_set_long_vowel_rule_shift_jis.h; sourceTree = "<group>"; };
		8012AAD61C7205B800835A56 /* njd_set_long_vowel_rule_utf_8.h */ = {isa = PBXFileReference; lastKnownFileType = sourcecode.c.h; path = njd_set_long_vowel_rule_utf_8.h; sourceTree = "<group>"; };
		8012AAD81C7205B800835A56 /* Makefile.am */ = {isa = PBXFileReference; lastKnownFileType = text; path = Makefile.am; sourceTree = "<group>"; };
		8012AAD91C7205B800835A56 /* Makefile.in */ = {isa = PBXFileReference; lastKnownFileType = text; path = Makefile.in; sourceTree = "<group>"; };
		8012AADA1C7205B800835A56 /* Makefile.mak */ = {isa = PBXFileReference; lastKnownFileType = sourcecode.make; path = Makefile.mak; sourceTree = "<group>"; };
		8012AADB1C7205B800835A56 /* njd_set_pronunciation.c */ = {isa = PBXFileReference; lastKnownFileType = sourcecode.c.c; path = njd_set_pronunciation.c; sourceTree = "<group>"; };
		8012AADC1C7205B800835A56 /* njd_set_pronunciation.h */ = {isa = PBXFileReference; lastKnownFileType = sourcecode.c.h; path = njd_set_pronunciation.h; sourceTree = "<group>"; };
		8012AADD1C7205B800835A56 /* njd_set_pronunciation_rule_ascii_for_euc_jp.h */ = {isa = PBXFileReference; lastKnownFileType = sourcecode.c.h; path = njd_set_pronunciation_rule_ascii_for_euc_jp.h; sourceTree = "<group>"; };
		8012AADE1C7205B800835A56 /* njd_set_pronunciation_rule_ascii_for_shift_jis.h */ = {isa = PBXFileReference; lastKnownFileType = sourcecode.c.h; path = njd_set_pronunciation_rule_ascii_for_shift_jis.h; sourceTree = "<group>"; };
		8012AADF1C7205B800835A56 /* njd_set_pronunciation_rule_ascii_for_utf_8.h */ = {isa = PBXFileReference; lastKnownFileType = sourcecode.c.h; path = njd_set_pronunciation_rule_ascii_for_utf_8.h; sourceTree = "<group>"; };
		8012AAE01C7205B800835A56 /* njd_set_pronunciation_rule_euc_jp.h */ = {isa = PBXFileReference; lastKnownFileType = sourcecode.c.h; path = njd_set_pronunciation_rule_euc_jp.h; sourceTree = "<group>"; };
		8012AAE11C7205B800835A56 /* njd_set_pronunciation_rule_shift_jis.h */ = {isa = PBXFileReference; lastKnownFileType = sourcecode.c.h; path = njd_set_pronunciation_rule_shift_jis.h; sourceTree = "<group>"; };
		8012AAE21C7205B800835A56 /* njd_set_pronunciation_rule_utf_8.h */ = {isa = PBXFileReference; lastKnownFileType = sourcecode.c.h; path = njd_set_pronunciation_rule_utf_8.h; sourceTree = "<group>"; };
		8012AAE41C7205B800835A56 /* Makefile.am */ = {isa = PBXFileReference; lastKnownFileType = text; path = Makefile.am; sourceTree = "<group>"; };
		8012AAE51C7205B800835A56 /* Makefile.in */ = {isa = PBXFileReference; lastKnownFileType = text; path = Makefile.in; sourceTree = "<group>"; };
		8012AAE61C7205B800835A56 /* Makefile.mak */ = {isa = PBXFileReference; lastKnownFileType = sourcecode.make; path = Makefile.mak; sourceTree = "<group>"; };
		8012AAE71C7205B800835A56 /* njd_set_unvoiced_vowel.c */ = {isa = PBXFileReference; lastKnownFileType = sourcecode.c.c; path = njd_set_unvoiced_vowel.c; sourceTree = "<group>"; };
		8012AAE81C7205B800835A56 /* njd_set_unvoiced_vowel.h */ = {isa = PBXFileReference; lastKnownFileType = sourcecode.c.h; path = njd_set_unvoiced_vowel.h; sourceTree = "<group>"; };
		8012AAE91C7205B800835A56 /* njd_set_unvoiced_vowel_rule_ascii_for_euc_jp.h */ = {isa = PBXFileReference; lastKnownFileType = sourcecode.c.h; path = njd_set_unvoiced_vowel_rule_ascii_for_euc_jp.h; sourceTree = "<group>"; };
		8012AAEA1C7205B800835A56 /* njd_set_unvoiced_vowel_rule_ascii_for_shift_jis.h */ = {isa = PBXFileReference; lastKnownFileType = sourcecode.c.h; path = njd_set_unvoiced_vowel_rule_ascii_for_shift_jis.h; sourceTree = "<group>"; };
		8012AAEB1C7205B800835A56 /* njd_set_unvoiced_vowel_rule_ascii_for_utf_8.h */ = {isa = PBXFileReference; lastKnownFileType = sourcecode.c.h; path = njd_set_unvoiced_vowel_rule_ascii_for_utf_8.h; sourceTree = "<group>"; };
		8012AAEC1C7205B800835A56 /* njd_set_unvoiced_vowel_rule_euc_jp.h */ = {isa = PBXFileReference; lastKnownFileType = sourcecode.c.h; path = njd_set_unvoiced_vowel_rule_euc_jp.h; sourceTree = "<group>"; };
		8012AAED1C7205B800835A56 /* njd_set_unvoiced_vowel_rule_shift_jis.h */ = {isa = PBXFileReference; lastKnownFileType = sourcecode.c.h; path = njd_set_unvoiced_vowel_rule_shift_jis.h; sourceTree = "<group>"; };
		8012AAEE1C7205B800835A56 /* njd_set_unvoiced_vowel_rule_utf_8.h */ = {isa = PBXFileReference; lastKnownFileType = sourcecode.c.h; path = njd_set_unvoiced_vowel_rule_utf_8.h; sourceTree = "<group>"; };
		8012AAF11C7205B800835A56 /* Makefile.am */ = {isa = PBXFileReference; lastKnownFileType = text; path = Makefile.am; sourceTree = "<group>"; };
		8012AAF21C7205B800835A56 /* Makefile.in */ = {isa = PBXFileReference; lastKnownFileType = text; path = Makefile.in; sourceTree = "<group>"; };
		8012AAF31C7205B800835A56 /* Makefile.mak */ = {isa = PBXFileReference; lastKnownFileType = sourcecode.make; path = Makefile.mak; sourceTree = "<group>"; };
		8012AAF41C7205B800835A56 /* text2mecab.c */ = {isa = PBXFileReference; lastKnownFileType = sourcecode.c.c; path = text2mecab.c; sourceTree = "<group>"; };
		8012AAF51C7205B800835A56 /* text2mecab.h */ = {isa = PBXFileReference; lastKnownFileType = sourcecode.c.h; path = text2mecab.h; sourceTree = "<group>"; };
		8012AAF61C7205B800835A56 /* text2mecab_rule_ascii_for_euc_jp.h */ = {isa = PBXFileReference; lastKnownFileType = sourcecode.c.h; path = text2mecab_rule_ascii_for_euc_jp.h; sourceTree = "<group>"; };
		8012AAF71C7205B800835A56 /* text2mecab_rule_ascii_for_shift_jis.h */ = {isa = PBXFileReference; lastKnownFileType = sourcecode.c.h; path = text2mecab_rule_ascii_for_shift_jis.h; sourceTree = "<group>"; };
		8012AAF81C7205B800835A56 /* text2mecab_rule_ascii_for_utf_8.h */ = {isa = PBXFileReference; lastKnownFileType = sourcecode.c.h; path = text2mecab_rule_ascii_for_utf_8.h; sourceTree = "<group>"; };
		8012AAF91C7205B800835A56 /* text2mecab_rule_euc_jp.h */ = {isa = PBXFileReference; lastKnownFileType = sourcecode.c.h; path = text2mecab_rule_euc_jp.h; sourceTree = "<group>"; };
		8012AAFA1C7205B800835A56 /* text2mecab_rule_shift_jis.h */ = {isa = PBXFileReference; lastKnownFileType = sourcecode.c.h; path = text2mecab_rule_shift_jis.h; sourceTree = "<group>"; };
		8012AAFB1C7205B800835A56 /* text2mecab_rule_utf_8.h */ = {isa = PBXFileReference; lastKnownFileType = sourcecode.c.h; path = text2mecab_rule_utf_8.h; sourceTree = "<group>"; };
/* End PBXFileReference section */

/* Begin PBXFrameworksBuildPhase section */
		8012A9F91C72044A00835A56 /* Frameworks */ = {
			isa = PBXFrameworksBuildPhase;
			buildActionMask = 2147483647;
			files = (
			);
			runOnlyForDeploymentPostprocessing = 0;
		};
/* End PBXFrameworksBuildPhase section */

/* Begin PBXGroup section */
		8012A9F31C72044A00835A56 = {
			isa = PBXGroup;
			children = (
				8012AA141C7205B800835A56 /* include */,
				8012AAFD1C7205B800835A56 /* src */,
				8012A9FD1C72044A00835A56 /* Products */,
			);
			sourceTree = "<group>";
		};
		8012A9FD1C72044A00835A56 /* Products */ = {
			isa = PBXGroup;
			children = (
				8012A9FC1C72044A00835A56 /* libLibrary_Open_JTalk.a */,
			);
			name = Products;
			sourceTree = "<group>";
		};
		8012AA141C7205B800835A56 /* include */ = {
			isa = PBXGroup;
			children = (
				8012AA081C7205B800835A56 /* jpcommon.h */,
				8012AA091C7205B800835A56 /* mecab.h */,
				8012AA0A1C7205B800835A56 /* mecab2njd.h */,
				8012AA0B1C7205B800835A56 /* njd.h */,
				8012AA0C1C7205B800835A56 /* njd2jpcommon.h */,
				8012AA0D1C7205B800835A56 /* njd_set_accent_phrase.h */,
				8012AA0E1C7205B800835A56 /* njd_set_accent_type.h */,
				8012AA0F1C7205B800835A56 /* njd_set_digit.h */,
				8012AA101C7205B800835A56 /* njd_set_long_vowel.h */,
				8012AA111C7205B800835A56 /* njd_set_pronunciation.h */,
				8012AA121C7205B800835A56 /* njd_set_unvoiced_vowel.h */,
				8012AA131C7205B800835A56 /* text2mecab.h */,
			);
			path = include;
			sourceTree = "<group>";
		};
		8012AA1E1C7205B800835A56 /* bin */ = {
			isa = PBXGroup;
			children = (
				8012AA1D1C7205B800835A56 /* open_jtalk.c */,
			);
			path = bin;
			sourceTree = "<group>";
		};
		8012AA261C7205B800835A56 /* config */ = {
			isa = PBXGroup;
			children = (
				8012AA201C7205B800835A56 /* compile */,
				8012AA211C7205B800835A56 /* config.guess */,
				8012AA221C7205B800835A56 /* config.sub */,
				8012AA231C7205B800835A56 /* depcomp */,
				8012AA241C7205B800835A56 /* install-sh */,
				8012AA251C7205B800835A56 /* missing */,
			);
			path = config;
			sourceTree = "<group>";
		};
		8012AA381C7205B800835A56 /* jpcommon */ = {
			isa = PBXGroup;
			children = (
				8012AA2B1C7205B800835A56 /* jpcommon.c */,
				8012AA2C1C7205B800835A56 /* jpcommon.h */,
				8012AA2D1C7205B800835A56 /* jpcommon_label.c */,
				8012AA2E1C7205B800835A56 /* jpcommon_node.c */,
				8012AA2F1C7205B800835A56 /* jpcommon_rule_ascii_for_euc_jp.h */,
				8012AA301C7205B800835A56 /* jpcommon_rule_ascii_for_shift_jis.h */,
				8012AA311C7205B800835A56 /* jpcommon_rule_ascii_for_utf_8.h */,
				8012AA321C7205B800835A56 /* jpcommon_rule_euc_jp.h */,
				8012AA331C7205B800835A56 /* jpcommon_rule_shift_jis.h */,
				8012AA341C7205B800835A56 /* jpcommon_rule_utf_8.h */,
				8012AA351C7205B800835A56 /* Makefile.am */,
				8012AA361C7205B800835A56 /* Makefile.in */,
				8012AA371C7205B800835A56 /* Makefile.mak */,
			);
			path = jpcommon;
			sourceTree = "<group>";
		};
		8012AA7B1C7205B800835A56 /* src */ = {
			isa = PBXGroup;
			children = (
				8012AA411C7205B800835A56 /* char_property.cpp */,
				8012AA421C7205B800835A56 /* char_property.h */,
				8012AA431C7205B800835A56 /* common.h */,
				8012AA441C7205B800835A56 /* connector.cpp */,
				8012AA451C7205B800835A56 /* connector.h */,
				8012AA461C7205B800835A56 /* context_id.cpp */,
				8012AA471C7205B800835A56 /* context_id.h */,
				8012AA481C7205B800835A56 /* darts.h */,
				8012AA491C7205B800835A56 /* dictionary.cpp */,
				8012AA4A1C7205B800835A56 /* dictionary.h */,
				8012AA4B1C7205B800835A56 /* dictionary_compiler.cpp */,
				8012AA4C1C7205B800835A56 /* dictionary_generator.cpp */,
				8012AA4D1C7205B800835A56 /* dictionary_rewriter.cpp */,
				8012AA4E1C7205B800835A56 /* dictionary_rewriter.h */,
				8012AA4F1C7205B800835A56 /* eval.cpp */,
				8012AA501C7205B800835A56 /* feature_index.cpp */,
				8012AA511C7205B800835A56 /* feature_index.h */,
				8012AA521C7205B800835A56 /* freelist.h */,
				8012AA531C7205B800835A56 /* iconv_utils.cpp */,
				8012AA541C7205B800835A56 /* iconv_utils.h */,
				8012AA551C7205B800835A56 /* lbfgs.cpp */,
				8012AA561C7205B800835A56 /* lbfgs.h */,
				8012AA571C7205B800835A56 /* learner.cpp */,
				8012AA581C7205B800835A56 /* learner_node.h */,
				8012AA591C7205B800835A56 /* learner_tagger.cpp */,
				8012AA5A1C7205B800835A56 /* learner_tagger.h */,
				8012AA5B1C7205B800835A56 /* libmecab.cpp */,
				8012AA5C1C7205B800835A56 /* Makefile.am */,
				8012AA5D1C7205B800835A56 /* Makefile.in */,
				8012AA5E1C7205B800835A56 /* Makefile.mak */,
				8012AA5F1C7205B800835A56 /* mecab-dict-index.cpp */,
				8012AA601C7205B800835A56 /* mecab.cpp */,
				8012AA611C7205B800835A56 /* mecab.h */,
				8012AA621C7205B800835A56 /* mempool.h */,
				8012AA631C7205B800835A56 /* mmap.h */,
				8012AA641C7205B800835A56 /* mutex.h */,
				8012AA651C7205B800835A56 /* nbest_generator.cpp */,
				8012AA661C7205B800835A56 /* nbest_generator.h */,
				8012AA671C7205B800835A56 /* param.cpp */,
				8012AA681C7205B800835A56 /* param.h */,
				8012AA691C7205B800835A56 /* scoped_ptr.h */,
				8012AA6A1C7205B800835A56 /* stream_wrapper.h */,
				8012AA6B1C7205B800835A56 /* string_buffer.cpp */,
				8012AA6C1C7205B800835A56 /* string_buffer.h */,
				8012AA6D1C7205B800835A56 /* tagger.cpp */,
				8012AA6E1C7205B800835A56 /* thread.h */,
				8012AA6F1C7205B800835A56 /* tokenizer.cpp */,
				8012AA701C7205B800835A56 /* tokenizer.h */,
				8012AA711C7205B800835A56 /* ucs.h */,
				8012AA721C7205B800835A56 /* ucstable.h */,
				8012AA731C7205B800835A56 /* utils.cpp */,
				8012AA741C7205B800835A56 /* utils.h */,
				8012AA751C7205B800835A56 /* viterbi.cpp */,
				8012AA761C7205B800835A56 /* viterbi.h */,
				8012AA771C7205B800835A56 /* viterbisub.h */,
				8012AA781C7205B800835A56 /* winmain.h */,
				8012AA791C7205B800835A56 /* writer.cpp */,
				8012AA7A1C7205B800835A56 /* writer.h */,
			);
			path = src;
			sourceTree = "<group>";
		};
		8012AA7C1C7205B800835A56 /* mecab */ = {
			isa = PBXGroup;
			children = (
				8012AA3C1C7205B800835A56 /* config.h.in */,
				8012AA3D1C7205B800835A56 /* COPYING */,
				8012AA3E1C7205B800835A56 /* Makefile.am */,
				8012AA3F1C7205B800835A56 /* Makefile.in */,
				8012AA401C7205B800835A56 /* Makefile.mak */,
				8012AA7B1C7205B800835A56 /* src */,
			);
			path = mecab;
			sourceTree = "<group>";
		};
		8012AA901C7205B800835A56 /* mecab2njd */ = {
			isa = PBXGroup;
			children = (
				8012AA8B1C7205B800835A56 /* Makefile.am */,
				8012AA8C1C7205B800835A56 /* Makefile.in */,
				8012AA8D1C7205B800835A56 /* Makefile.mak */,
				8012AA8E1C7205B800835A56 /* mecab2njd.c */,
				8012AA8F1C7205B800835A56 /* mecab2njd.h */,
			);
			path = mecab2njd;
			sourceTree = "<group>";
		};
		8012AA9B1C7205B800835A56 /* njd */ = {
			isa = PBXGroup;
			children = (
				8012AA921C7205B800835A56 /* Makefile.am */,
				8012AA931C7205B800835A56 /* Makefile.in */,
				8012AA941C7205B800835A56 /* Makefile.mak */,
				8012AA951C7205B800835A56 /* njd.c */,
				8012AA961C7205B800835A56 /* njd.h */,
				8012AA971C7205B800835A56 /* njd_node.c */,
				8012AA981C7205B800835A56 /* njd_rule_euc_jp.h */,
				8012AA991C7205B800835A56 /* njd_rule_shift_jis.h */,
				8012AA9A1C7205B800835A56 /* njd_rule_utf_8.h */,
			);
			path = njd;
			sourceTree = "<group>";
		};
		8012AAA71C7205B800835A56 /* njd2jpcommon */ = {
			isa = PBXGroup;
			children = (
				8012AA9C1C7205B800835A56 /* Makefile.am */,
				8012AA9D1C7205B800835A56 /* Makefile.in */,
				8012AA9E1C7205B800835A56 /* Makefile.mak */,
				8012AA9F1C7205B800835A56 /* njd2jpcommon.c */,
				8012AAA01C7205B800835A56 /* njd2jpcommon.h */,
				8012AAA11C7205B800835A56 /* njd2jpcommon_rule_ascii_for_euc_jp.h */,
				8012AAA21C7205B800835A56 /* njd2jpcommon_rule_ascii_for_shift_jis.h */,
				8012AAA31C7205B800835A56 /* njd2jpcommon_rule_ascii_for_utf_8.h */,
				8012AAA41C7205B800835A56 /* njd2jpcommon_rule_euc_jp.h */,
				8012AAA51C7205B800835A56 /* njd2jpcommon_rule_shift_jis.h */,
				8012AAA61C7205B800835A56 /* njd2jpcommon_rule_utf_8.h */,
			);
			path = njd2jpcommon;
			sourceTree = "<group>";
		};
		8012AAB31C7205B800835A56 /* njd_set_accent_phrase */ = {
			isa = PBXGroup;
			children = (
				8012AAA81C7205B800835A56 /* Makefile.am */,
				8012AAA91C7205B800835A56 /* Makefile.in */,
				8012AAAA1C7205B800835A56 /* Makefile.mak */,
				8012AAAB1C7205B800835A56 /* njd_set_accent_phrase.c */,
				8012AAAC1C7205B800835A56 /* njd_set_accent_phrase.h */,
				8012AAAD1C7205B800835A56 /* njd_set_accent_phrase_rule_ascii_for_euc_jp.h */,
				8012AAAE1C7205B800835A56 /* njd_set_accent_phrase_rule_ascii_for_shift_jis.h */,
				8012AAAF1C7205B800835A56 /* njd_set_accent_phrase_rule_ascii_for_utf_8.h */,
				8012AAB01C7205B800835A56 /* njd_set_accent_phrase_rule_euc_jp.h */,
				8012AAB11C7205B800835A56 /* njd_set_accent_phrase_rule_shift_jis.h */,
				8012AAB21C7205B800835A56 /* njd_set_accent_phrase_rule_utf_8.h */,
			);
			path = njd_set_accent_phrase;
			sourceTree = "<group>";
		};
		8012AABF1C7205B800835A56 /* njd_set_accent_type */ = {
			isa = PBXGroup;
			children = (
				8012AAB41C7205B800835A56 /* Makefile.am */,
				8012AAB51C7205B800835A56 /* Makefile.in */,
				8012AAB61C7205B800835A56 /* Makefile.mak */,
				8012AAB71C7205B800835A56 /* njd_set_accent_type.c */,
				8012AAB81C7205B800835A56 /* njd_set_accent_type.h */,
				8012AAB91C7205B800835A56 /* njd_set_accent_type_rule_ascii_for_euc_jp.h */,
				8012AABA1C7205B800835A56 /* njd_set_accent_type_rule_ascii_for_shift_jis.h */,
				8012AABB1C7205B800835A56 /* njd_set_accent_type_rule_ascii_for_utf_8.h */,
				8012AABC1C7205B800835A56 /* njd_set_accent_type_rule_euc_jp.h */,
				8012AABD1C7205B800835A56 /* njd_set_accent_type_rule_shift_jis.h */,
				8012AABE1C7205B800835A56 /* njd_set_accent_type_rule_utf_8.h */,
			);
			path = njd_set_accent_type;
			sourceTree = "<group>";
		};
		8012AACB1C7205B800835A56 /* njd_set_digit */ = {
			isa = PBXGroup;
			children = (
				8012AAC01C7205B800835A56 /* Makefile.am */,
				8012AAC11C7205B800835A56 /* Makefile.in */,
				8012AAC21C7205B800835A56 /* Makefile.mak */,
				8012AAC31C7205B800835A56 /* njd_set_digit.c */,
				8012AAC41C7205B800835A56 /* njd_set_digit.h */,
				8012AAC51C7205B800835A56 /* njd_set_digit_rule_ascii_for_euc_jp.h */,
				8012AAC61C7205B800835A56 /* njd_set_digit_rule_ascii_for_shift_jis.h */,
				8012AAC71C7205B800835A56 /* njd_set_digit_rule_ascii_for_utf_8.h */,
				8012AAC81C7205B800835A56 /* njd_set_digit_rule_euc_jp.h */,
				8012AAC91C7205B800835A56 /* njd_set_digit_rule_shift_jis.h */,
				8012AACA1C7205B800835A56 /* njd_set_digit_rule_utf_8.h */,
			);
			path = njd_set_digit;
			sourceTree = "<group>";
		};
		8012AAD71C7205B800835A56 /* njd_set_long_vowel */ = {
			isa = PBXGroup;
			children = (
				8012AACC1C7205B800835A56 /* Makefile.am */,
				8012AACD1C7205B800835A56 /* Makefile.in */,
				8012AACE1C7205B800835A56 /* Makefile.mak */,
				8012AACF1C7205B800835A56 /* njd_set_long_vowel.c */,
				8012AAD01C7205B800835A56 /* njd_set_long_vowel.h */,
				8012AAD11C7205B800835A56 /* njd_set_long_vowel_rule_ascii_for_euc_jp.h */,
				8012AAD21C7205B800835A56 /* njd_set_long_vowel_rule_ascii_for_shift_jis.h */,
				8012AAD31C7205B800835A56 /* njd_set_long_vowel_rule_ascii_for_utf_8.h */,
				8012AAD41C7205B800835A56 /* njd_set_long_vowel_rule_euc_jp.h */,
				8012AAD51C7205B800835A56 /* njd_set_long_vowel_rule_shift_jis.h */,
				8012AAD61C7205B800835A56 /* njd_set_long_vowel_rule_utf_8.h */,
			);
			path = njd_set_long_vowel;
			sourceTree = "<group>";
		};
		8012AAE31C7205B800835A56 /* njd_set_pronunciation */ = {
			isa = PBXGroup;
			children = (
				8012AAD81C7205B800835A56 /* Makefile.am */,
				8012AAD91C7205B800835A56 /* Makefile.in */,
				8012AADA1C7205B800835A56 /* Makefile.mak */,
				8012AADB1C7205B800835A56 /* njd_set_pronunciation.c */,
				8012AADC1C7205B800835A56 /* njd_set_pronunciation.h */,
				8012AADD1C7205B800835A56 /* njd_set_pronunciation_rule_ascii_for_euc_jp.h */,
				8012AADE1C7205B800835A56 /* njd_set_pronunciation_rule_ascii_for_shift_jis.h */,
				8012AADF1C7205B800835A56 /* njd_set_pronunciation_rule_ascii_for_utf_8.h */,
				8012AAE01C7205B800835A56 /* njd_set_pronunciation_rule_euc_jp.h */,
				8012AAE11C7205B800835A56 /* njd_set_pronunciation_rule_shift_jis.h */,
				8012AAE21C7205B800835A56 /* njd_set_pronunciation_rule_utf_8.h */,
			);
			path = njd_set_pronunciation;
			sourceTree = "<group>";
		};
		8012AAEF1C7205B800835A56 /* njd_set_unvoiced_vowel */ = {
			isa = PBXGroup;
			children = (
				8012AAE41C7205B800835A56 /* Makefile.am */,
				8012AAE51C7205B800835A56 /* Makefile.in */,
				8012AAE61C7205B800835A56 /* Makefile.mak */,
				8012AAE71C7205B800835A56 /* njd_set_unvoiced_vowel.c */,
				8012AAE81C7205B800835A56 /* njd_set_unvoiced_vowel.h */,
				8012AAE91C7205B800835A56 /* njd_set_unvoiced_vowel_rule_ascii_for_euc_jp.h */,
				8012AAEA1C7205B800835A56 /* njd_set_unvoiced_vowel_rule_ascii_for_shift_jis.h */,
				8012AAEB1C7205B800835A56 /* njd_set_unvoiced_vowel_rule_ascii_for_utf_8.h */,
				8012AAEC1C7205B800835A56 /* njd_set_unvoiced_vowel_rule_euc_jp.h */,
				8012AAED1C7205B800835A56 /* njd_set_unvoiced_vowel_rule_shift_jis.h */,
				8012AAEE1C7205B800835A56 /* njd_set_unvoiced_vowel_rule_utf_8.h */,
			);
			path = njd_set_unvoiced_vowel;
			sourceTree = "<group>";
		};
		8012AAFC1C7205B800835A56 /* text2mecab */ = {
			isa = PBXGroup;
			children = (
				8012AAF11C7205B800835A56 /* Makefile.am */,
				8012AAF21C7205B800835A56 /* Makefile.in */,
				8012AAF31C7205B800835A56 /* Makefile.mak */,
				8012AAF41C7205B800835A56 /* text2mecab.c */,
				8012AAF51C7205B800835A56 /* text2mecab.h */,
				8012AAF61C7205B800835A56 /* text2mecab_rule_ascii_for_euc_jp.h */,
				8012AAF71C7205B800835A56 /* text2mecab_rule_ascii_for_shift_jis.h */,
				8012AAF81C7205B800835A56 /* text2mecab_rule_ascii_for_utf_8.h */,
				8012AAF91C7205B800835A56 /* text2mecab_rule_euc_jp.h */,
				8012AAFA1C7205B800835A56 /* text2mecab_rule_shift_jis.h */,
				8012AAFB1C7205B800835A56 /* text2mecab_rule_utf_8.h */,
			);
			path = text2mecab;
			sourceTree = "<group>";
		};
		8012AAFD1C7205B800835A56 /* src */ = {
			isa = PBXGroup;
			children = (
				8012AA1E1C7205B800835A56 /* bin */,
				8012AA261C7205B800835A56 /* config */,
				8012AA381C7205B800835A56 /* jpcommon */,
				8012AA7C1C7205B800835A56 /* mecab */,
				8012AA901C7205B800835A56 /* mecab2njd */,
				8012AA9B1C7205B800835A56 /* njd */,
				8012AAA71C7205B800835A56 /* njd2jpcommon */,
				8012AAB31C7205B800835A56 /* njd_set_accent_phrase */,
				8012AABF1C7205B800835A56 /* njd_set_accent_type */,
				8012AACB1C7205B800835A56 /* njd_set_digit */,
				8012AAD71C7205B800835A56 /* njd_set_long_vowel */,
				8012AAE31C7205B800835A56 /* njd_set_pronunciation */,
				8012AAEF1C7205B800835A56 /* njd_set_unvoiced_vowel */,
				8012AAFC1C7205B800835A56 /* text2mecab */,
			);
			path = src;
			sourceTree = "<group>";
		};
/* End PBXGroup section */

/* Begin PBXNativeTarget section */
		8012A9FB1C72044A00835A56 /* Library_Open_JTalk */ = {
			isa = PBXNativeTarget;
			buildConfigurationList = 8012AA051C72044A00835A56 /* Build configuration list for PBXNativeTarget "Library_Open_JTalk" */;
			buildPhases = (
				8012A9F81C72044A00835A56 /* Sources */,
				8012A9F91C72044A00835A56 /* Frameworks */,
			);
			buildRules = (
			);
			dependencies = (
			);
			name = Library_Open_JTalk;
			productName = Library_Open_JTalk;
			productReference = 8012A9FC1C72044A00835A56 /* libLibrary_Open_JTalk.a */;
			productType = "com.apple.product-type.library.static";
		};
/* End PBXNativeTarget section */

/* Begin PBXProject section */
		8012A9F41C72044A00835A56 /* Project object */ = {
			isa = PBXProject;
			attributes = {
				LastUpgradeCheck = 0720;
				ORGANIZATIONNAME = "";
				TargetAttributes = {
					8012A9FB1C72044A00835A56 = {
						CreatedOnToolsVersion = 7.2;
						DevelopmentTeam = ER7BUZVGH2;
					};
				};
			};
			buildConfigurationList = 8012A9F71C72044A00835A56 /* Build configuration list for PBXProject "Library_Open_JTalk" */;
			compatibilityVersion = "Xcode 3.2";
			developmentRegion = English;
			hasScannedForEncodings = 0;
			knownRegions = (
				en,
			);
			mainGroup = 8012A9F31C72044A00835A56;
			productRefGroup = 8012A9FD1C72044A00835A56 /* Products */;
			projectDirPath = "";
			projectRoot = "";
			targets = (
				8012A9FB1C72044A00835A56 /* Library_Open_JTalk */,
			);
		};
/* End PBXProject section */

/* Begin PBXSourcesBuildPhase section */
		8012A9F81C72044A00835A56 /* Sources */ = {
			isa = PBXSourcesBuildPhase;
			buildActionMask = 2147483647;
			files = (
				8012AAFE1C7209A000835A56 /* jpcommon.c in Sources */,
				8012AAFF1C7209A000835A56 /* jpcommon_label.c in Sources */,
				8012AB001C7209A000835A56 /* jpcommon_node.c in Sources */,
				8012AB011C7209A000835A56 /* char_property.cpp in Sources */,
				8012AB021C7209A000835A56 /* connector.cpp in Sources */,
				8012AB031C7209A000835A56 /* context_id.cpp in Sources */,
				8012AB041C7209A000835A56 /* dictionary.cpp in Sources */,
				8012AB051C7209A000835A56 /* dictionary_compiler.cpp in Sources */,
				8012AB061C7209A000835A56 /* dictionary_generator.cpp in Sources */,
				8012AB071C7209A000835A56 /* dictionary_rewriter.cpp in Sources */,
				8012AB081C7209A000835A56 /* eval.cpp in Sources */,
				8012AB091C7209A000835A56 /* feature_index.cpp in Sources */,
				8012AB0A1C7209A000835A56 /* iconv_utils.cpp in Sources */,
				8012AB0B1C7209A000835A56 /* lbfgs.cpp in Sources */,
				8012AB0C1C7209A000835A56 /* learner.cpp in Sources */,
				8012AB0D1C7209A000835A56 /* learner_tagger.cpp in Sources */,
				8012AB0E1C7209A000835A56 /* libmecab.cpp in Sources */,
				8012AB101C7209A000835A56 /* mecab.cpp in Sources */,
				8012AB111C7209A000835A56 /* nbest_generator.cpp in Sources */,
				8012AB121C7209A000835A56 /* param.cpp in Sources */,
				8012AB131C7209A000835A56 /* string_buffer.cpp in Sources */,
				8012AB141C7209A000835A56 /* tagger.cpp in Sources */,
				8012AB151C7209A000835A56 /* tokenizer.cpp in Sources */,
				8012AB161C7209A000835A56 /* utils.cpp in Sources */,
				8012AB171C7209A000835A56 /* viterbi.cpp in Sources */,
				8012AB181C7209A000835A56 /* writer.cpp in Sources */,
				8012AB1A1C7209A000835A56 /* mecab2njd.c in Sources */,
				8012AB1B1C7209A000835A56 /* njd.c in Sources */,
				8012AB1C1C7209A000835A56 /* njd_node.c in Sources */,
				8012AB1D1C7209A000835A56 /* njd2jpcommon.c in Sources */,
				8012AB1E1C7209A000835A56 /* njd_set_accent_phrase.c in Sources */,
				8012AB1F1C7209A000835A56 /* njd_set_accent_type.c in Sources */,
				8012AB201C7209A000835A56 /* njd_set_digit.c in Sources */,
				8012AB211C7209A000835A56 /* njd_set_long_vowel.c in Sources */,
				8012AB221C7209A000835A56 /* njd_set_pronunciation.c in Sources */,
				8012AB231C7209A000835A56 /* njd_set_unvoiced_vowel.c in Sources */,
				8012AB241C7209A000835A56 /* text2mecab.c in Sources */,
			);
			runOnlyForDeploymentPostprocessing = 0;
		};
/* End PBXSourcesBuildPhase section */

/* Begin XCBuildConfiguration section */
		8012AA031C72044A00835A56 /* Debug */ = {
			isa = XCBuildConfiguration;
			buildSettings = {
				ALWAYS_SEARCH_USER_PATHS = NO;
				CLANG_CXX_LANGUAGE_STANDARD = "gnu++0x";
				CLANG_CXX_LIBRARY = "libc++";
				CLANG_ENABLE_MODULES = YES;
				CLANG_ENABLE_OBJC_ARC = YES;
				CLANG_WARN_BOOL_CONVERSION = YES;
				CLANG_WARN_CONSTANT_CONVERSION = YES;
				CLANG_WARN_DIRECT_OBJC_ISA_USAGE = YES_ERROR;
				CLANG_WARN_EMPTY_BODY = YES;
				CLANG_WARN_ENUM_CONVERSION = YES;
				CLANG_WARN_INT_CONVERSION = YES;
				CLANG_WARN_OBJC_ROOT_CLASS = YES_ERROR;
				CLANG_WARN_UNREACHABLE_CODE = YES;
				CLANG_WARN__DUPLICATE_METHOD_MATCH = YES;
				"CODE_SIGN_IDENTITY[sdk=iphoneos*]" = "iPhone Developer";
				COPY_PHASE_STRIP = NO;
				DEBUG_INFORMATION_FORMAT = dwarf;
				ENABLE_STRICT_OBJC_MSGSEND = YES;
				ENABLE_TESTABILITY = YES;
				GCC_C_LANGUAGE_STANDARD = gnu99;
				GCC_DYNAMIC_NO_PIC = NO;
				GCC_NO_COMMON_BLOCKS = YES;
				GCC_OPTIMIZATION_LEVEL = 0;
				GCC_PREPROCESSOR_DEFINITIONS = (
					"DEBUG=1",
					"$(inherited)",
				);
				GCC_WARN_64_TO_32_BIT_CONVERSION = YES;
				GCC_WARN_ABOUT_RETURN_TYPE = YES_ERROR;
				GCC_WARN_UNDECLARED_SELECTOR = YES;
				GCC_WARN_UNINITIALIZED_AUTOS = YES_AGGRESSIVE;
				GCC_WARN_UNUSED_FUNCTION = YES;
				GCC_WARN_UNUSED_VARIABLE = YES;
				IPHONEOS_DEPLOYMENT_TARGET = 9.2;
				MTL_ENABLE_DEBUG_INFO = YES;
				ONLY_ACTIVE_ARCH = YES;
				SDKROOT = iphoneos;
			};
			name = Debug;
		};
		8012AA041C72044A00835A56 /* Release */ = {
			isa = XCBuildConfiguration;
			buildSettings = {
				ALWAYS_SEARCH_USER_PATHS = NO;
				CLANG_CXX_LANGUAGE_STANDARD = "gnu++0x";
				CLANG_CXX_LIBRARY = "libc++";
				CLANG_ENABLE_MODULES = YES;
				CLANG_ENABLE_OBJC_ARC = YES;
				CLANG_WARN_BOOL_CONVERSION = YES;
				CLANG_WARN_CONSTANT_CONVERSION = YES;
				CLANG_WARN_DIRECT_OBJC_ISA_USAGE = YES_ERROR;
				CLANG_WARN_EMPTY_BODY = YES;
				CLANG_WARN_ENUM_CONVERSION = YES;
				CLANG_WARN_INT_CONVERSION = YES;
				CLANG_WARN_OBJC_ROOT_CLASS = YES_ERROR;
				CLANG_WARN_UNREACHABLE_CODE = YES;
				CLANG_WARN__DUPLICATE_METHOD_MATCH = YES;
				"CODE_SIGN_IDENTITY[sdk=iphoneos*]" = "iPhone Developer";
				COPY_PHASE_STRIP = NO;
				DEBUG_INFORMATION_FORMAT = "dwarf-with-dsym";
				ENABLE_NS_ASSERTIONS = NO;
				ENABLE_STRICT_OBJC_MSGSEND = YES;
				GCC_C_LANGUAGE_STANDARD = gnu99;
				GCC_NO_COMMON_BLOCKS = YES;
				GCC_WARN_64_TO_32_BIT_CONVERSION = YES;
				GCC_WARN_ABOUT_RETURN_TYPE = YES_ERROR;
				GCC_WARN_UNDECLARED_SELECTOR = YES;
				GCC_WARN_UNINITIALIZED_AUTOS = YES_AGGRESSIVE;
				GCC_WARN_UNUSED_FUNCTION = YES;
				GCC_WARN_UNUSED_VARIABLE = YES;
				IPHONEOS_DEPLOYMENT_TARGET = 9.2;
				MTL_ENABLE_DEBUG_INFO = NO;
				SDKROOT = iphoneos;
				VALIDATE_PRODUCT = YES;
			};
			name = Release;
		};
		8012AA061C72044A00835A56 /* Debug */ = {
			isa = XCBuildConfiguration;
			buildSettings = {
				ALWAYS_SEARCH_USER_PATHS = YES;
				OTHER_CFLAGS = (
					"-DDIC_VERSION=102",
					"-DMECAB_DEFAULT_RC=\"\\\"dummy\\\"\"",
					"-DPACKAGE=\"\\\"open_jtalk\\\"\"",
					"-DVERSION=\"\\\"1.07\\\"\"",
					"-DMECAB_WITHOUT_SHARE_DIC",
					"-DCHARSET_UTF_8",
					"-DHAVE_CTYPE_H=1",
					"-DHAVE_DIRENT_H=1",
					"-DHAVE_FCNTL_H=1",
					"-DHAVE_GETENV=1",
					"-DHAVE_GETPAGESIZE=1",
					"-DHAVE_INTTYPES_H=1",
					"-DHAVE_LIBM=1",
					"-DHAVE_MEMORY_H=1",
					"-DHAVE_MMAP=1",
					"-DHAVE_OPENDIR=1",
					"-DHAVE_SETJMP=1",
					"-DHAVE_SETJMP_H=1",
					"-DHAVE_SQRT=1",
					"-DHAVE_STDINT_H=1",
					"-DHAVE_STDLIB_H=1",
					"-DHAVE_STRINGS_H=1",
					"-DHAVE_STRING_H=1",
					"-DHAVE_STRSTR=1",
					"-DHAVE_SYS_MMAN_H=1",
					"-DHAVE_SYS_STAT_H=1",
					"-DHAVE_SYS_TIMES_H=1",
					"-DHAVE_SYS_TYPES_H=1",
					"-DHAVE_UNISTD_H=1",
					"-DPACKAGE_BUGREPORT=\"open-jtalk-users@lists.sourceforge.net\"",
					"-DPACKAGE_NAME=\"open_jtalk\"",
					"-DPAKCAGE_STRING=\"open_jtalk 1.07\"",
					"-DPACKAGE_TARNAME=\"open_jtalk\"",
					"-DPACKAGE_VERSION=\"1.07\"",
					"-DSIZEOF_CHAR=1",
					"-DSIZEOF_INT=4",
					"-DSIZEOF_LONG=4",
					"-DSIZEOF_LONG_LONG=8",
					"-DSIZEOF_SHORT=2",
					"-DSIZEOF_SIZE_T=4",
					"-DSTDC_HEADERS=1",
					"-DMECAB_DEFAULT_CHARSET=\"\\\"UTF-8\\\"\"",
					"-DASCII_HEADER=1",
				);
				OTHER_LDFLAGS = "-ObjC";
				PRODUCT_NAME = "$(TARGET_NAME)";
				SKIP_INSTALL = YES;
				USER_HEADER_SEARCH_PATHS = "$(SRCROOT)/../Library_hts_engine_API/include $(SRCROOT)/src/text2mecab $(SRCROOT)/src/njd_set_unvoiced_vowel $(SRCROOT)/src/njd_set_pronunciation $(SRCROOT)/src/njd_set_long_vowel $(SRCROOT)/src/njd_set_digit $(SRCROOT)/src/njd_set_accept_type $(SRCROOT)/src/njd_set_accent_phrase $(SRCROOT)/src/njd2jpcommon $(SRCROOT)/src/njd $(SRCROOT)/src/mecab2njd $(SRCROOT)/src/mecab/src $(SRCROOT)/src/jpcommon $(SRCROOT)/include";
				VALID_ARCHS = arm64;
			};
			name = Debug;
		};
		8012AA071C72044A00835A56 /* Release */ = {
			isa = XCBuildConfiguration;
			buildSettings = {
				ALWAYS_SEARCH_USER_PATHS = YES;
				GCC_OPTIMIZATION_LEVEL = 3;
				OTHER_CFLAGS = (
					"-DDIC_VERSION=102",
					"-DMECAB_DEFAULT_RC=\"\\\"dummy\\\"\"",
					"-DPACKAGE=\"\\\"open_jtalk\\\"\"",
					"-DVERSION=\"\\\"1.07\\\"\"",
					"-DMECAB_WITHOUT_SHARE_DIC",
					"-DCHARSET_UTF_8",
					"-DHAVE_CTYPE_H=1",
					"-DHAVE_DIRENT_H=1",
					"-DHAVE_FCNTL_H=1",
					"-DHAVE_GETENV=1",
					"-DHAVE_GETPAGESIZE=1",
					"-DHAVE_INTTYPES_H=1",
					"-DHAVE_LIBM=1",
					"-DHAVE_MEMORY_H=1",
					"-DHAVE_MMAP=1",
					"-DHAVE_OPENDIR=1",
					"-DHAVE_SETJMP=1",
					"-DHAVE_SETJMP_H=1",
					"-DHAVE_SQRT=1",
					"-DHAVE_STDINT_H=1",
					"-DHAVE_STDLIB_H=1",
					"-DHAVE_STRINGS_H=1",
					"-DHAVE_STRING_H=1",
					"-DHAVE_STRSTR=1",
					"-DHAVE_SYS_MMAN_H=1",
					"-DHAVE_SYS_STAT_H=1",
					"-DHAVE_SYS_TIMES_H=1",
					"-DHAVE_SYS_TYPES_H=1",
					"-DHAVE_UNISTD_H=1",
					"-DPACKAGE_BUGREPORT=\"open-jtalk-users@lists.sourceforge.net\"",
					"-DPACKAGE_NAME=\"open_jtalk\"",
					"-DPAKCAGE_STRING=\"open_jtalk 1.07\"",
					"-DPACKAGE_TARNAME=\"open_jtalk\"",
					"-DPACKAGE_VERSION=\"1.07\"",
					"-DSIZEOF_CHAR=1",
					"-DSIZEOF_INT=4",
					"-DSIZEOF_LONG=4",
					"-DSIZEOF_LONG_LONG=8",
					"-DSIZEOF_SHORT=2",
					"-DSIZEOF_SIZE_T=4",
					"-DSTDC_HEADERS=1",
					"-DMECAB_DEFAULT_CHARSET=\"\\\"UTF-8\\\"\"",
					"-DASCII_HEADER=1",
				);
				OTHER_LDFLAGS = "-ObjC";
				PRODUCT_NAME = "$(TARGET_NAME)";
				SKIP_INSTALL = YES;
				USER_HEADER_SEARCH_PATHS = "$(SRCROOT)/../Library_hts_engine_API/include $(SRCROOT)/src/text2mecab $(SRCROOT)/src/njd_set_unvoiced_vowel $(SRCROOT)/src/njd_set_pronunciation $(SRCROOT)/src/njd_set_long_vowel $(SRCROOT)/src/njd_set_digit $(SRCROOT)/src/njd_set_accept_type $(SRCROOT)/src/njd_set_accent_phrase $(SRCROOT)/src/njd2jpcommon $(SRCROOT)/src/njd $(SRCROOT)/src/mecab2njd $(SRCROOT)/src/mecab/src $(SRCROOT)/src/jpcommon $(SRCROOT)/include";
				VALID_ARCHS = arm64;
			};
			name = Release;
		};
/* End XCBuildConfiguration section */

/* Begin XCConfigurationList section */
		8012A9F71C72044A00835A56 /* Build configuration list for PBXProject "Library_Open_JTalk" */ = {
			isa = XCConfigurationList;
			buildConfigurations = (
				8012AA031C72044A00835A56 /* Debug */,
				8012AA041C72044A00835A56 /* Release */,
			);
			defaultConfigurationIsVisible = 0;
			defaultConfigurationName = Release;
		};
		8012AA051C72044A00835A56 /* Build configuration list for PBXNativeTarget "Library_Open_JTalk" */ = {
			isa = XCConfigurationList;
			buildConfigurations = (
				8012AA061C72044A00835A56 /* Debug */,
				8012AA071C72044A00835A56 /* Release */,
			);
			defaultConfigurationIsVisible = 0;
			defaultConfigurationName = Release;
		};
/* End XCConfigurationList section */
	};
	rootObject = 8012A9F41C72044A00835A56 /* Project object */;
}
